// !$*UTF8*$!
{
	archiveVersion = 1;
	classes = {
	};
	objectVersion = 55;
	objects = {

/* Begin PBXBuildFile section */
		769B913D27156E960027DDE4 /* AppDelegate.swift in Sources */ = {isa = PBXBuildFile; fileRef = 769B913C27156E960027DDE4 /* AppDelegate.swift */; };
		769B913F27156E960027DDE4 /* SceneDelegate.swift in Sources */ = {isa = PBXBuildFile; fileRef = 769B913E27156E960027DDE4 /* SceneDelegate.swift */; };
		769B914127156E960027DDE4 /* ViewController.swift in Sources */ = {isa = PBXBuildFile; fileRef = 769B914027156E960027DDE4 /* ViewController.swift */; };
		769B914427156E960027DDE4 /* Main.storyboard in Resources */ = {isa = PBXBuildFile; fileRef = 769B914227156E960027DDE4 /* Main.storyboard */; };
		769B914727156E960027DDE4 /* CoreDataProject.xcdatamodeld in Sources */ = {isa = PBXBuildFile; fileRef = 769B914527156E960027DDE4 /* CoreDataProject.xcdatamodeld */; };
		769B914927156E980027DDE4 /* Assets.xcassets in Resources */ = {isa = PBXBuildFile; fileRef = 769B914827156E980027DDE4 /* Assets.xcassets */; };
		769B914C27156E980027DDE4 /* LaunchScreen.storyboard in Resources */ = {isa = PBXBuildFile; fileRef = 769B914A27156E980027DDE4 /* LaunchScreen.storyboard */; };
		769B9157271572D70027DDE4 /* PhoneBook+CoreDataClass.swift in Sources */ = {isa = PBXBuildFile; fileRef = 769B9153271572D70027DDE4 /* PhoneBook+CoreDataClass.swift */; };
		769B9158271572D70027DDE4 /* PhoneBook+CoreDataProperties.swift in Sources */ = {isa = PBXBuildFile; fileRef = 769B9154271572D70027DDE4 /* PhoneBook+CoreDataProperties.swift */; };
		769B9159271572D70027DDE4 /* Messenger+CoreDataClass.swift in Sources */ = {isa = PBXBuildFile; fileRef = 769B9155271572D70027DDE4 /* Messenger+CoreDataClass.swift */; };
		769B915A271572D70027DDE4 /* Messenger+CoreDataProperties.swift in Sources */ = {isa = PBXBuildFile; fileRef = 769B9156271572D70027DDE4 /* Messenger+CoreDataProperties.swift */; };
/* End PBXBuildFile section */

/* Begin PBXFileReference section */
		769B913927156E960027DDE4 /* CoreDataProject.app */ = {isa = PBXFileReference; explicitFileType = wrapper.application; includeInIndex = 0; path = CoreDataProject.app; sourceTree = BUILT_PRODUCTS_DIR; };
		769B913C27156E960027DDE4 /* AppDelegate.swift */ = {isa = PBXFileReference; lastKnownFileType = sourcecode.swift; path = AppDelegate.swift; sourceTree = "<group>"; };
		769B913E27156E960027DDE4 /* SceneDelegate.swift */ = {isa = PBXFileReference; lastKnownFileType = sourcecode.swift; path = SceneDelegate.swift; sourceTree = "<group>"; };
		769B914027156E960027DDE4 /* ViewController.swift */ = {isa = PBXFileReference; lastKnownFileType = sourcecode.swift; path = ViewController.swift; sourceTree = "<group>"; };
		769B914327156E960027DDE4 /* Base */ = {isa = PBXFileReference; lastKnownFileType = file.storyboard; name = Base; path = Base.lproj/Main.storyboard; sourceTree = "<group>"; };
		769B914627156E960027DDE4 /* CoreDataProject.xcdatamodel */ = {isa = PBXFileReference; lastKnownFileType = wrapper.xcdatamodel; path = CoreDataProject.xcdatamodel; sourceTree = "<group>"; };
		769B914827156E980027DDE4 /* Assets.xcassets */ = {isa = PBXFileReference; lastKnownFileType = folder.assetcatalog; path = Assets.xcassets; sourceTree = "<group>"; };
		769B914B27156E980027DDE4 /* Base */ = {isa = PBXFileReference; lastKnownFileType = file.storyboard; name = Base; path = Base.lproj/LaunchScreen.storyboard; sourceTree = "<group>"; };
		769B914D27156E980027DDE4 /* Info.plist */ = {isa = PBXFileReference; lastKnownFileType = text.plist.xml; path = Info.plist; sourceTree = "<group>"; };
		769B9153271572D70027DDE4 /* PhoneBook+CoreDataClass.swift */ = {isa = PBXFileReference; lastKnownFileType = sourcecode.swift; path = "PhoneBook+CoreDataClass.swift"; sourceTree = "<group>"; };
		769B9154271572D70027DDE4 /* PhoneBook+CoreDataProperties.swift */ = {isa = PBXFileReference; lastKnownFileType = sourcecode.swift; path = "PhoneBook+CoreDataProperties.swift"; sourceTree = "<group>"; };
		769B9155271572D70027DDE4 /* Messenger+CoreDataClass.swift */ = {isa = PBXFileReference; lastKnownFileType = sourcecode.swift; path = "Messenger+CoreDataClass.swift"; sourceTree = "<group>"; };
		769B9156271572D70027DDE4 /* Messenger+CoreDataProperties.swift */ = {isa = PBXFileReference; lastKnownFileType = sourcecode.swift; path = "Messenger+CoreDataProperties.swift"; sourceTree = "<group>"; };
/* End PBXFileReference section */

/* Begin PBXFrameworksBuildPhase section */
		769B913627156E960027DDE4 /* Frameworks */ = {
			isa = PBXFrameworksBuildPhase;
			buildActionMask = 2147483647;
			files = (
			);
			runOnlyForDeploymentPostprocessing = 0;
		};
/* End PBXFrameworksBuildPhase section */

/* Begin PBXGroup section */
		769B913027156E960027DDE4 = {
			isa = PBXGroup;
			children = (
				769B9153271572D70027DDE4 /* PhoneBook+CoreDataClass.swift */,
				769B9154271572D70027DDE4 /* PhoneBook+CoreDataProperties.swift */,
				769B9155271572D70027DDE4 /* Messenger+CoreDataClass.swift */,
				769B9156271572D70027DDE4 /* Messenger+CoreDataProperties.swift */,
				769B913B27156E960027DDE4 /* CoreDataProject */,
				769B913A27156E960027DDE4 /* Products */,
			);
			sourceTree = "<group>";
		};
		769B913A27156E960027DDE4 /* Products */ = {
			isa = PBXGroup;
			children = (
				769B913927156E960027DDE4 /* CoreDataProject.app */,
			);
			name = Products;
			sourceTree = "<group>";
		};
		769B913B27156E960027DDE4 /* CoreDataProject */ = {
			isa = PBXGroup;
			children = (
				769B913C27156E960027DDE4 /* AppDelegate.swift */,
				769B913E27156E960027DDE4 /* SceneDelegate.swift */,
				769B914027156E960027DDE4 /* ViewController.swift */,
				769B914227156E960027DDE4 /* Main.storyboard */,
				769B914827156E980027DDE4 /* Assets.xcassets */,
				769B914A27156E980027DDE4 /* LaunchScreen.storyboard */,
				769B914D27156E980027DDE4 /* Info.plist */,
				769B914527156E960027DDE4 /* CoreDataProject.xcdatamodeld */,
			);
			path = CoreDataProject;
			sourceTree = "<group>";
		};
/* End PBXGroup section */

/* Begin PBXNativeTarget section */
		769B913827156E960027DDE4 /* CoreDataProject */ = {
			isa = PBXNativeTarget;
			buildConfigurationList = 769B915027156E980027DDE4 /* Build configuration list for PBXNativeTarget "CoreDataProject" */;
			buildPhases = (
				769B913527156E960027DDE4 /* Sources */,
				769B913627156E960027DDE4 /* Frameworks */,
				769B913727156E960027DDE4 /* Resources */,
			);
			buildRules = (
			);
			dependencies = (
			);
			name = CoreDataProject;
			productName = CoreDataProject;
			productReference = 769B913927156E960027DDE4 /* CoreDataProject.app */;
			productType = "com.apple.product-type.application";
		};
/* End PBXNativeTarget section */

/* Begin PBXProject section */
		769B913127156E960027DDE4 /* Project object */ = {
			isa = PBXProject;
			attributes = {
				BuildIndependentTargetsInParallel = 1;
				LastSwiftUpdateCheck = 1300;
				LastUpgradeCheck = 1300;
				TargetAttributes = {
					769B913827156E960027DDE4 = {
						CreatedOnToolsVersion = 13.0;
					};
				};
			};
			buildConfigurationList = 769B913427156E960027DDE4 /* Build configuration list for PBXProject "CoreDataProject" */;
			compatibilityVersion = "Xcode 13.0";
			developmentRegion = en;
			hasScannedForEncodings = 0;
			knownRegions = (
				en,
				Base,
			);
			mainGroup = 769B913027156E960027DDE4;
			productRefGroup = 769B913A27156E960027DDE4 /* Products */;
			projectDirPath = "";
			projectRoot = "";
			targets = (
				769B913827156E960027DDE4 /* CoreDataProject */,
			);
		};
/* End PBXProject section */

/* Begin PBXResourcesBuildPhase section */
		769B913727156E960027DDE4 /* Resources */ = {
			isa = PBXResourcesBuildPhase;
			buildActionMask = 2147483647;
			files = (
				769B914C27156E980027DDE4 /* LaunchScreen.storyboard in Resources */,
				769B914927156E980027DDE4 /* Assets.xcassets in Resources */,
				769B914427156E960027DDE4 /* Main.storyboard in Resources */,
			);
			runOnlyForDeploymentPostprocessing = 0;
		};
/* End PBXResourcesBuildPhase section */

/* Begin PBXSourcesBuildPhase section */
		769B913527156E960027DDE4 /* Sources */ = {
			isa = PBXSourcesBuildPhase;
			buildActionMask = 2147483647;
			files = (
				769B914127156E960027DDE4 /* ViewController.swift in Sources */,
				769B913D27156E960027DDE4 /* AppDelegate.swift in Sources */,
				769B9159271572D70027DDE4 /* Messenger+CoreDataClass.swift in Sources */,
				769B9157271572D70027DDE4 /* PhoneBook+CoreDataClass.swift in Sources */,
				769B914727156E960027DDE4 /* CoreDataProject.xcdatamodeld in Sources */,
				769B915A271572D70027DDE4 /* Messenger+CoreDataProperties.swift in Sources */,
				769B913F27156E960027DDE4 /* SceneDelegate.swift in Sources */,
				769B9158271572D70027DDE4 /* PhoneBook+CoreDataProperties.swift in Sources */,
			);
			runOnlyForDeploymentPostprocessing = 0;
		};
/* End PBXSourcesBuildPhase section */

/* Begin PBXVariantGroup section */
		769B914227156E960027DDE4 /* Main.storyboard */ = {
			isa = PBXVariantGroup;
			children = (
				769B914327156E960027DDE4 /* Base */,
			);
			name = Main.storyboard;
			sourceTree = "<group>";
		};
		769B914A27156E980027DDE4 /* LaunchScreen.storyboard */ = {
			isa = PBXVariantGroup;
			children = (
				769B914B27156E980027DDE4 /* Base */,
			);
			name = LaunchScreen.storyboard;
			sourceTree = "<group>";
		};
/* End PBXVariantGroup section */

/* Begin XCBuildConfiguration section */
		769B914E27156E980027DDE4 /* Debug */ = {
			isa = XCBuildConfiguration;
			buildSettings = {
				ALWAYS_SEARCH_USER_PATHS = NO;
				CLANG_ANALYZER_NONNULL = YES;
				CLANG_ANALYZER_NUMBER_OBJECT_CONVERSION = YES_AGGRESSIVE;
				CLANG_CXX_LANGUAGE_STANDARD = "gnu++17";
				CLANG_CXX_LIBRARY = "libc++";
				CLANG_ENABLE_MODULES = YES;
				CLANG_ENABLE_OBJC_ARC = YES;
				CLANG_ENABLE_OBJC_WEAK = YES;
				CLANG_WARN_BLOCK_CAPTURE_AUTORELEASING = YES;
				CLANG_WARN_BOOL_CONVERSION = YES;
				CLANG_WARN_COMMA = YES;
				CLANG_WARN_CONSTANT_CONVERSION = YES;
				CLANG_WARN_DEPRECATED_OBJC_IMPLEMENTATIONS = YES;
				CLANG_WARN_DIRECT_OBJC_ISA_USAGE = YES_ERROR;
				CLANG_WARN_DOCUMENTATION_COMMENTS = YES;
				CLANG_WARN_EMPTY_BODY = YES;
				CLANG_WARN_ENUM_CONVERSION = YES;
				CLANG_WARN_INFINITE_RECURSION = YES;
				CLANG_WARN_INT_CONVERSION = YES;
				CLANG_WARN_NON_LITERAL_NULL_CONVERSION = YES;
				CLANG_WARN_OBJC_IMPLICIT_RETAIN_SELF = YES;
				CLANG_WARN_OBJC_LITERAL_CONVERSION = YES;
				CLANG_WARN_OBJC_ROOT_CLASS = YES_ERROR;
				CLANG_WARN_QUOTED_INCLUDE_IN_FRAMEWORK_HEADER = YES;
				CLANG_WARN_RANGE_LOOP_ANALYSIS = YES;
				CLANG_WARN_STRICT_PROTOTYPES = YES;
				CLANG_WARN_SUSPICIOUS_MOVE = YES;
				CLANG_WARN_UNGUARDED_AVAILABILITY = YES_AGGRESSIVE;
				CLANG_WARN_UNREACHABLE_CODE = YES;
				CLANG_WARN__DUPLICATE_METHOD_MATCH = YES;
				COPY_PHASE_STRIP = NO;
				DEBUG_INFORMATION_FORMAT = dwarf;
				ENABLE_STRICT_OBJC_MSGSEND = YES;
				ENABLE_TESTABILITY = YES;
				GCC_C_LANGUAGE_STANDARD = gnu11;
				GCC_DYNAMIC_NO_PIC = NO;
				GCC_NO_COMMON_BLOCKS = YES;
				GCC_OPTIMIZATION_LEVEL = 0;
				GCC_PREPROCESSOR_DEFINITIONS = (
					"DEBUG=1",
					"$(inherited)",
				);
				GCC_WARN_64_TO_32_BIT_CONVERSION = YES;
				GCC_WARN_ABOUT_RETURN_TYPE = YES_ERROR;
				GCC_WARN_UNDECLARED_SELECTOR = YES;
				GCC_WARN_UNINITIALIZED_AUTOS = YES_AGGRESSIVE;
				GCC_WARN_UNUSED_FUNCTION = YES;
				GCC_WARN_UNUSED_VARIABLE = YES;
				IPHONEOS_DEPLOYMENT_TARGET = 15.0;
				MTL_ENABLE_DEBUG_INFO = INCLUDE_SOURCE;
				MTL_FAST_MATH = YES;
				ONLY_ACTIVE_ARCH = YES;
				SDKROOT = iphoneos;
				SWIFT_ACTIVE_COMPILATION_CONDITIONS = DEBUG;
				SWIFT_OPTIMIZATION_LEVEL = "-Onone";
			};
			name = Debug;
		};
		769B914F27156E980027DDE4 /* Release */ = {
			isa = XCBuildConfiguration;
			buildSettings = {
				ALWAYS_SEARCH_USER_PATHS = NO;
				CLANG_ANALYZER_NONNULL = YES;
				CLANG_ANALYZER_NUMBER_OBJECT_CONVERSION = YES_AGGRESSIVE;
				CLANG_CXX_LANGUAGE_STANDARD = "gnu++17";
				CLANG_CXX_LIBRARY = "libc++";
				CLANG_ENABLE_MODULES = YES;
				CLANG_ENABLE_OBJC_ARC = YES;
				CLANG_ENABLE_OBJC_WEAK = YES;
				CLANG_WARN_BLOCK_CAPTURE_AUTORELEASING = YES;
				CLANG_WARN_BOOL_CONVERSION = YES;
				CLANG_WARN_COMMA = YES;
				CLANG_WARN_CONSTANT_CONVERSION = YES;
				CLANG_WARN_DEPRECATED_OBJC_IMPLEMENTATIONS = YES;
				CLANG_WARN_DIRECT_OBJC_ISA_USAGE = YES_ERROR;
				CLANG_WARN_DOCUMENTATION_COMMENTS = YES;
				CLANG_WARN_EMPTY_BODY = YES;
				CLANG_WARN_ENUM_CONVERSION = YES;
				CLANG_WARN_INFINITE_RECURSION = YES;
				CLANG_WARN_INT_CONVERSION = YES;
				CLANG_WARN_NON_LITERAL_NULL_CONVERSION = YES;
				CLANG_WARN_OBJC_IMPLICIT_RETAIN_SELF = YES;
				CLANG_WARN_OBJC_LITERAL_CONVERSION = YES;
				CLANG_WARN_OBJC_ROOT_CLASS = YES_ERROR;
				CLANG_WARN_QUOTED_INCLUDE_IN_FRAMEWORK_HEADER = YES;
				CLANG_WARN_RANGE_LOOP_ANALYSIS = YES;
				CLANG_WARN_STRICT_PROTOTYPES = YES;
				CLANG_WARN_SUSPICIOUS_MOVE = YES;
				CLANG_WARN_UNGUARDED_AVAILABILITY = YES_AGGRESSIVE;
				CLANG_WARN_UNREACHABLE_CODE = YES;
				CLANG_WARN__DUPLICATE_METHOD_MATCH = YES;
				COPY_PHASE_STRIP = NO;
				DEBUG_INFORMATION_FORMAT = "dwarf-with-dsym";
				ENABLE_NS_ASSERTIONS = NO;
				ENABLE_STRICT_OBJC_MSGSEND = YES;
				GCC_C_LANGUAGE_STANDARD = gnu11;
				GCC_NO_COMMON_BLOCKS = YES;
				GCC_WARN_64_TO_32_BIT_CONVERSION = YES;
				GCC_WARN_ABOUT_RETURN_TYPE = YES_ERROR;
				GCC_WARN_UNDECLARED_SELECTOR = YES;
				GCC_WARN_UNINITIALIZED_AUTOS = YES_AGGRESSIVE;
				GCC_WARN_UNUSED_FUNCTION = YES;
				GCC_WARN_UNUSED_VARIABLE = YES;
				IPHONEOS_DEPLOYMENT_TARGET = 15.0;
				MTL_ENABLE_DEBUG_INFO = NO;
				MTL_FAST_MATH = YES;
				SDKROOT = iphoneos;
				SWIFT_COMPILATION_MODE = wholemodule;
				SWIFT_OPTIMIZATION_LEVEL = "-O";
				VALIDATE_PRODUCT = YES;
			};
			name = Release;
		};
		769B915127156E980027DDE4 /* Debug */ = {
			isa = XCBuildConfiguration;
			buildSettings = {
				ASSETCATALOG_COMPILER_APPICON_NAME = AppIcon;
				ASSETCATALOG_COMPILER_GLOBAL_ACCENT_COLOR_NAME = AccentColor;
				CODE_SIGN_STYLE = Automatic;
				CURRENT_PROJECT_VERSION = 1;
				DEVELOPMENT_TEAM = 7A464AFW63;
				GENERATE_INFOPLIST_FILE = YES;
				INFOPLIST_FILE = CoreDataProject/Info.plist;
				INFOPLIST_KEY_UIApplicationSupportsIndirectInputEvents = YES;
				INFOPLIST_KEY_UILaunchStoryboardName = LaunchScreen;
				INFOPLIST_KEY_UIMainStoryboardFile = Main;
				INFOPLIST_KEY_UISupportedInterfaceOrientations_iPad = "UIInterfaceOrientationPortrait UIInterfaceOrientationPortraitUpsideDown UIInterfaceOrientationLandscapeLeft UIInterfaceOrientationLandscapeRight";
				INFOPLIST_KEY_UISupportedInterfaceOrientations_iPhone = "UIInterfaceOrientationPortrait UIInterfaceOrientationLandscapeLeft UIInterfaceOrientationLandscapeRight";
				LD_RUNPATH_SEARCH_PATHS = (
					"$(inherited)",
					"@executable_path/Frameworks",
				);
				MARKETING_VERSION = 1.0;
				PRODUCT_BUNDLE_IDENTIFIER = co.zzisun.CoreDataProject;
				PRODUCT_NAME = "$(TARGET_NAME)";
				SWIFT_EMIT_LOC_STRINGS = YES;
				SWIFT_VERSION = 5.0;
				TARGETED_DEVICE_FAMILY = "1,2";
			};
			name = Debug;
		};
		769B915227156E980027DDE4 /* Release */ = {
			isa = XCBuildConfiguration;
			buildSettings = {
				ASSETCATALOG_COMPILER_APPICON_NAME = AppIcon;
				ASSETCATALOG_COMPILER_GLOBAL_ACCENT_COLOR_NAME = AccentColor;
				CODE_SIGN_STYLE = Automatic;
				CURRENT_PROJECT_VERSION = 1;
				DEVELOPMENT_TEAM = 7A464AFW63;
				GENERATE_INFOPLIST_FILE = YES;
				INFOPLIST_FILE = CoreDataProject/Info.plist;
				INFOPLIST_KEY_UIApplicationSupportsIndirectInputEvents = YES;
				INFOPLIST_KEY_UILaunchStoryboardName = LaunchScreen;
				INFOPLIST_KEY_UIMainStoryboardFile = Main;
				INFOPLIST_KEY_UISupportedInterfaceOrientations_iPad = "UIInterfaceOrientationPortrait UIInterfaceOrientationPortraitUpsideDown UIInterfaceOrientationLandscapeLeft UIInterfaceOrientationLandscapeRight";
				INFOPLIST_KEY_UISupportedInterfaceOrientations_iPhone = "UIInterfaceOrientationPortrait UIInterfaceOrientationLandscapeLeft UIInterfaceOrientationLandscapeRight";
				LD_RUNPATH_SEARCH_PATHS = (
					"$(inherited)",
					"@executable_path/Frameworks",
				);
				MARKETING_VERSION = 1.0;
				PRODUCT_BUNDLE_IDENTIFIER = co.zzisun.CoreDataProject;
				PRODUCT_NAME = "$(TARGET_NAME)";
				SWIFT_EMIT_LOC_STRINGS = YES;
				SWIFT_VERSION = 5.0;
				TARGETED_DEVICE_FAMILY = "1,2";
			};
			name = Release;
		};
/* End XCBuildConfiguration section */

/* Begin XCConfigurationList section */
		769B913427156E960027DDE4 /* Build configuration list for PBXProject "CoreDataProject" */ = {
			isa = XCConfigurationList;
			buildConfigurations = (
				769B914E27156E980027DDE4 /* Debug */,
				769B914F27156E980027DDE4 /* Release */,
			);
			defaultConfigurationIsVisible = 0;
			defaultConfigurationName = Release;
		};
		769B915027156E980027DDE4 /* Build configuration list for PBXNativeTarget "CoreDataProject" */ = {
			isa = XCConfigurationList;
			buildConfigurations = (
				769B915127156E980027DDE4 /* Debug */,
				769B915227156E980027DDE4 /* Release */,
			);
			defaultConfigurationIsVisible = 0;
			defaultConfigurationName = Release;
		};
/* End XCConfigurationList section */

/* Begin XCVersionGroup section */
		769B914527156E960027DDE4 /* CoreDataProject.xcdatamodeld */ = {
			isa = XCVersionGroup;
			children = (
				769B914627156E960027DDE4 /* CoreDataProject.xcdatamodel */,
			);
			currentVersion = 769B914627156E960027DDE4 /* CoreDataProject.xcdatamodel */;
			path = CoreDataProject.xcdatamodeld;
			sourceTree = "<group>";
			versionGroupType = wrapper.xcdatamodel;
		};
/* End XCVersionGroup section */
	};
	rootObject = 769B913127156E960027DDE4 /* Project object */;
}
