// !$*UTF8*$!
{
	archiveVersion = 1;
	classes = {
	};
	objectVersion = 55;
	objects = {

/* Begin PBXBuildFile section */
		AE2760FC270C3FB100743102 /* ImageView+LoadImage.swift in Sources */ = {isa = PBXBuildFile; fileRef = AE2760FB270C3FB100743102 /* ImageView+LoadImage.swift */; };
		AE2760FF270C408F00743102 /* Kingfisher in Frameworks */ = {isa = PBXBuildFile; productRef = AE2760FE270C408F00743102 /* Kingfisher */; };
		AE276106270C493800743102 /* Network.swift in Sources */ = {isa = PBXBuildFile; fileRef = AE69B018270C376A001F4CE9 /* Network.swift */; };
		AE69AFC0270BF8A2001F4CE9 /* SimpleWidgetApp.swift in Sources */ = {isa = PBXBuildFile; fileRef = AE69AFBF270BF8A2001F4CE9 /* SimpleWidgetApp.swift */; };
		AE69AFC2270BF8A2001F4CE9 /* ContentView.swift in Sources */ = {isa = PBXBuildFile; fileRef = AE69AFC1270BF8A2001F4CE9 /* ContentView.swift */; };
		AE69AFC4270BF8A3001F4CE9 /* Assets.xcassets in Resources */ = {isa = PBXBuildFile; fileRef = AE69AFC3270BF8A3001F4CE9 /* Assets.xcassets */; };
		AE69AFC7270BF8A3001F4CE9 /* Preview Assets.xcassets in Resources */ = {isa = PBXBuildFile; fileRef = AE69AFC6270BF8A3001F4CE9 /* Preview Assets.xcassets */; };
		AE69B008270C103A001F4CE9 /* WidgetKit.framework in Frameworks */ = {isa = PBXBuildFile; fileRef = AE69B007270C103A001F4CE9 /* WidgetKit.framework */; };
		AE69B00A270C103A001F4CE9 /* SwiftUI.framework in Frameworks */ = {isa = PBXBuildFile; fileRef = AE69B009270C103A001F4CE9 /* SwiftUI.framework */; };
		AE69B00D270C103A001F4CE9 /* FirstWidget.swift in Sources */ = {isa = PBXBuildFile; fileRef = AE69B00C270C103A001F4CE9 /* FirstWidget.swift */; };
		AE69B00F270C103D001F4CE9 /* Assets.xcassets in Resources */ = {isa = PBXBuildFile; fileRef = AE69B00E270C103D001F4CE9 /* Assets.xcassets */; };
		AE69B013270C103D001F4CE9 /* FirstWidgetExtension.appex in Embed App Extensions */ = {isa = PBXBuildFile; fileRef = AE69B005270C103A001F4CE9 /* FirstWidgetExtension.appex */; settings = {ATTRIBUTES = (RemoveHeadersOnCopy, ); }; };
		AE69B019270C376A001F4CE9 /* Network.swift in Sources */ = {isa = PBXBuildFile; fileRef = AE69B018270C376A001F4CE9 /* Network.swift */; };
		AE69B01C270C3A69001F4CE9 /* UserWidget.swift in Sources */ = {isa = PBXBuildFile; fileRef = AE69B01A270C3A2E001F4CE9 /* UserWidget.swift */; };
/* End PBXBuildFile section */

/* Begin PBXContainerItemProxy section */
		AE69B011270C103D001F4CE9 /* PBXContainerItemProxy */ = {
			isa = PBXContainerItemProxy;
			containerPortal = AE69AFB4270BF8A2001F4CE9 /* Project object */;
			proxyType = 1;
			remoteGlobalIDString = AE69B004270C103A001F4CE9;
			remoteInfo = FirstWidgetExtension;
		};
/* End PBXContainerItemProxy section */

/* Begin PBXCopyFilesBuildPhase section */
		AE69B014270C103D001F4CE9 /* Embed App Extensions */ = {
			isa = PBXCopyFilesBuildPhase;
			buildActionMask = 2147483647;
			dstPath = "";
			dstSubfolderSpec = 13;
			files = (
				AE69B013270C103D001F4CE9 /* FirstWidgetExtension.appex in Embed App Extensions */,
			);
			name = "Embed App Extensions";
			runOnlyForDeploymentPostprocessing = 0;
		};
/* End PBXCopyFilesBuildPhase section */

/* Begin PBXFileReference section */
		AE2760FB270C3FB100743102 /* ImageView+LoadImage.swift */ = {isa = PBXFileReference; lastKnownFileType = sourcecode.swift; path = "ImageView+LoadImage.swift"; sourceTree = "<group>"; };
		AE69AFBC270BF8A2001F4CE9 /* SimpleWidget.app */ = {isa = PBXFileReference; explicitFileType = wrapper.application; includeInIndex = 0; path = SimpleWidget.app; sourceTree = BUILT_PRODUCTS_DIR; };
		AE69AFBF270BF8A2001F4CE9 /* SimpleWidgetApp.swift */ = {isa = PBXFileReference; lastKnownFileType = sourcecode.swift; path = SimpleWidgetApp.swift; sourceTree = "<group>"; };
		AE69AFC1270BF8A2001F4CE9 /* ContentView.swift */ = {isa = PBXFileReference; lastKnownFileType = sourcecode.swift; path = ContentView.swift; sourceTree = "<group>"; };
		AE69AFC3270BF8A3001F4CE9 /* Assets.xcassets */ = {isa = PBXFileReference; lastKnownFileType = folder.assetcatalog; path = Assets.xcassets; sourceTree = "<group>"; };
		AE69AFC6270BF8A3001F4CE9 /* Preview Assets.xcassets */ = {isa = PBXFileReference; lastKnownFileType = folder.assetcatalog; path = "Preview Assets.xcassets"; sourceTree = "<group>"; };
		AE69B005270C103A001F4CE9 /* FirstWidgetExtension.appex */ = {isa = PBXFileReference; explicitFileType = "wrapper.app-extension"; includeInIndex = 0; path = FirstWidgetExtension.appex; sourceTree = BUILT_PRODUCTS_DIR; };
		AE69B007270C103A001F4CE9 /* WidgetKit.framework */ = {isa = PBXFileReference; lastKnownFileType = wrapper.framework; name = WidgetKit.framework; path = System/Library/Frameworks/WidgetKit.framework; sourceTree = SDKROOT; };
		AE69B009270C103A001F4CE9 /* SwiftUI.framework */ = {isa = PBXFileReference; lastKnownFileType = wrapper.framework; name = SwiftUI.framework; path = System/Library/Frameworks/SwiftUI.framework; sourceTree = SDKROOT; };
		AE69B00C270C103A001F4CE9 /* FirstWidget.swift */ = {isa = PBXFileReference; lastKnownFileType = sourcecode.swift; path = FirstWidget.swift; sourceTree = "<group>"; };
		AE69B00E270C103D001F4CE9 /* Assets.xcassets */ = {isa = PBXFileReference; lastKnownFileType = folder.assetcatalog; path = Assets.xcassets; sourceTree = "<group>"; };
		AE69B010270C103D001F4CE9 /* Info.plist */ = {isa = PBXFileReference; lastKnownFileType = text.plist.xml; path = Info.plist; sourceTree = "<group>"; };
		AE69B018270C376A001F4CE9 /* Network.swift */ = {isa = PBXFileReference; lastKnownFileType = sourcecode.swift; path = Network.swift; sourceTree = "<group>"; };
		AE69B01A270C3A2E001F4CE9 /* UserWidget.swift */ = {isa = PBXFileReference; lastKnownFileType = sourcecode.swift; path = UserWidget.swift; sourceTree = "<group>"; };
/* End PBXFileReference section */

/* Begin PBXFrameworksBuildPhase section */
		AE69AFB9270BF8A2001F4CE9 /* Frameworks */ = {
			isa = PBXFrameworksBuildPhase;
			buildActionMask = 2147483647;
			files = (
				AE2760FF270C408F00743102 /* Kingfisher in Frameworks */,
			);
			runOnlyForDeploymentPostprocessing = 0;
		};
		AE69B002270C103A001F4CE9 /* Frameworks */ = {
			isa = PBXFrameworksBuildPhase;
			buildActionMask = 2147483647;
			files = (
				AE69B00A270C103A001F4CE9 /* SwiftUI.framework in Frameworks */,
				AE69B008270C103A001F4CE9 /* WidgetKit.framework in Frameworks */,
			);
			runOnlyForDeploymentPostprocessing = 0;
		};
/* End PBXFrameworksBuildPhase section */

/* Begin PBXGroup section */
		AE69AFB3270BF8A2001F4CE9 = {
			isa = PBXGroup;
			children = (
				AE69AFBE270BF8A2001F4CE9 /* SimpleWidget */,
				AE69B00B270C103A001F4CE9 /* FirstWidget */,
				AE69B006270C103A001F4CE9 /* Frameworks */,
				AE69AFBD270BF8A2001F4CE9 /* Products */,
			);
			sourceTree = "<group>";
		};
		AE69AFBD270BF8A2001F4CE9 /* Products */ = {
			isa = PBXGroup;
			children = (
				AE69AFBC270BF8A2001F4CE9 /* SimpleWidget.app */,
				AE69B005270C103A001F4CE9 /* FirstWidgetExtension.appex */,
			);
			name = Products;
			sourceTree = "<group>";
		};
		AE69AFBE270BF8A2001F4CE9 /* SimpleWidget */ = {
			isa = PBXGroup;
			children = (
				AE69AFBF270BF8A2001F4CE9 /* SimpleWidgetApp.swift */,
				AE69AFC1270BF8A2001F4CE9 /* ContentView.swift */,
				AE69AFC3270BF8A3001F4CE9 /* Assets.xcassets */,
				AE69AFC5270BF8A3001F4CE9 /* Preview Content */,
			);
			path = SimpleWidget;
			sourceTree = "<group>";
		};
		AE69AFC5270BF8A3001F4CE9 /* Preview Content */ = {
			isa = PBXGroup;
			children = (
				AE69AFC6270BF8A3001F4CE9 /* Preview Assets.xcassets */,
			);
			path = "Preview Content";
			sourceTree = "<group>";
		};
		AE69B006270C103A001F4CE9 /* Frameworks */ = {
			isa = PBXGroup;
			children = (
				AE69B007270C103A001F4CE9 /* WidgetKit.framework */,
				AE69B009270C103A001F4CE9 /* SwiftUI.framework */,
			);
			name = Frameworks;
			sourceTree = "<group>";
		};
		AE69B00B270C103A001F4CE9 /* FirstWidget */ = {
			isa = PBXGroup;
			children = (
				AE2760FB270C3FB100743102 /* ImageView+LoadImage.swift */,
				AE69B018270C376A001F4CE9 /* Network.swift */,
				AE69B00C270C103A001F4CE9 /* FirstWidget.swift */,
				AE69B01A270C3A2E001F4CE9 /* UserWidget.swift */,
				AE69B00E270C103D001F4CE9 /* Assets.xcassets */,
				AE69B010270C103D001F4CE9 /* Info.plist */,
			);
			path = FirstWidget;
			sourceTree = "<group>";
		};
/* End PBXGroup section */

/* Begin PBXNativeTarget section */
		AE69AFBB270BF8A2001F4CE9 /* SimpleWidget */ = {
			isa = PBXNativeTarget;
			buildConfigurationList = AE69AFCA270BF8A3001F4CE9 /* Build configuration list for PBXNativeTarget "SimpleWidget" */;
			buildPhases = (
				AE69AFB8270BF8A2001F4CE9 /* Sources */,
				AE69AFB9270BF8A2001F4CE9 /* Frameworks */,
				AE69AFBA270BF8A2001F4CE9 /* Resources */,
				AE69B014270C103D001F4CE9 /* Embed App Extensions */,
			);
			buildRules = (
			);
			dependencies = (
				AE69B012270C103D001F4CE9 /* PBXTargetDependency */,
			);
			name = SimpleWidget;
			packageProductDependencies = (
				AE2760FE270C408F00743102 /* Kingfisher */,
			);
			productName = SimpleWidget;
			productReference = AE69AFBC270BF8A2001F4CE9 /* SimpleWidget.app */;
			productType = "com.apple.product-type.application";
		};
		AE69B004270C103A001F4CE9 /* FirstWidgetExtension */ = {
			isa = PBXNativeTarget;
			buildConfigurationList = AE69B017270C103D001F4CE9 /* Build configuration list for PBXNativeTarget "FirstWidgetExtension" */;
			buildPhases = (
				AE69B001270C103A001F4CE9 /* Sources */,
				AE69B002270C103A001F4CE9 /* Frameworks */,
				AE69B003270C103A001F4CE9 /* Resources */,
			);
			buildRules = (
			);
			dependencies = (
			);
			name = FirstWidgetExtension;
			productName = FirstWidgetExtension;
			productReference = AE69B005270C103A001F4CE9 /* FirstWidgetExtension.appex */;
			productType = "com.apple.product-type.app-extension";
		};
/* End PBXNativeTarget section */

/* Begin PBXProject section */
		AE69AFB4270BF8A2001F4CE9 /* Project object */ = {
			isa = PBXProject;
			attributes = {
				BuildIndependentTargetsInParallel = 1;
				LastSwiftUpdateCheck = 1300;
				LastUpgradeCheck = 1300;
				TargetAttributes = {
					AE69AFBB270BF8A2001F4CE9 = {
						CreatedOnToolsVersion = 13.0;
					};
					AE69B004270C103A001F4CE9 = {
						CreatedOnToolsVersion = 13.0;
					};
				};
			};
			buildConfigurationList = AE69AFB7270BF8A2001F4CE9 /* Build configuration list for PBXProject "SimpleWidget" */;
			compatibilityVersion = "Xcode 13.0";
			developmentRegion = en;
			hasScannedForEncodings = 0;
			knownRegions = (
				en,
				Base,
			);
			mainGroup = AE69AFB3270BF8A2001F4CE9;
			packageReferences = (
				AE2760FD270C408F00743102 /* XCRemoteSwiftPackageReference "Kingfisher" */,
			);
			productRefGroup = AE69AFBD270BF8A2001F4CE9 /* Products */;
			projectDirPath = "";
			projectRoot = "";
			targets = (
				AE69AFBB270BF8A2001F4CE9 /* SimpleWidget */,
				AE69B004270C103A001F4CE9 /* FirstWidgetExtension */,
			);
		};
/* End PBXProject section */

/* Begin PBXResourcesBuildPhase section */
		AE69AFBA270BF8A2001F4CE9 /* Resources */ = {
			isa = PBXResourcesBuildPhase;
			buildActionMask = 2147483647;
			files = (
				AE69AFC7270BF8A3001F4CE9 /* Preview Assets.xcassets in Resources */,
				AE69AFC4270BF8A3001F4CE9 /* Assets.xcassets in Resources */,
			);
			runOnlyForDeploymentPostprocessing = 0;
		};
		AE69B003270C103A001F4CE9 /* Resources */ = {
			isa = PBXResourcesBuildPhase;
			buildActionMask = 2147483647;
			files = (
				AE69B00F270C103D001F4CE9 /* Assets.xcassets in Resources */,
			);
			runOnlyForDeploymentPostprocessing = 0;
		};
/* End PBXResourcesBuildPhase section */

/* Begin PBXSourcesBuildPhase section */
		AE69AFB8270BF8A2001F4CE9 /* Sources */ = {
			isa = PBXSourcesBuildPhase;
			buildActionMask = 2147483647;
			files = (
				AE69AFC2270BF8A2001F4CE9 /* ContentView.swift in Sources */,
				AE69AFC0270BF8A2001F4CE9 /* SimpleWidgetApp.swift in Sources */,
				AE2760FC270C3FB100743102 /* ImageView+LoadImage.swift in Sources */,
				AE69B019270C376A001F4CE9 /* Network.swift in Sources */,
			);
			runOnlyForDeploymentPostprocessing = 0;
		};
		AE69B001270C103A001F4CE9 /* Sources */ = {
			isa = PBXSourcesBuildPhase;
			buildActionMask = 2147483647;
			files = (
				AE69B01C270C3A69001F4CE9 /* UserWidget.swift in Sources */,
				AE276106270C493800743102 /* Network.swift in Sources */,
				AE69B00D270C103A001F4CE9 /* FirstWidget.swift in Sources */,
			);
			runOnlyForDeploymentPostprocessing = 0;
		};
/* End PBXSourcesBuildPhase section */

/* Begin PBXTargetDependency section */
		AE69B012270C103D001F4CE9 /* PBXTargetDependency */ = {
			isa = PBXTargetDependency;
			target = AE69B004270C103A001F4CE9 /* FirstWidgetExtension */;
			targetProxy = AE69B011270C103D001F4CE9 /* PBXContainerItemProxy */;
		};
/* End PBXTargetDependency section */

/* Begin XCBuildConfiguration section */
		AE69AFC8270BF8A3001F4CE9 /* Debug */ = {
			isa = XCBuildConfiguration;
			buildSettings = {
				ALWAYS_SEARCH_USER_PATHS = NO;
				CLANG_ANALYZER_NONNULL = YES;
				CLANG_ANALYZER_NUMBER_OBJECT_CONVERSION = YES_AGGRESSIVE;
				CLANG_CXX_LANGUAGE_STANDARD = "gnu++17";
				CLANG_CXX_LIBRARY = "libc++";
				CLANG_ENABLE_MODULES = YES;
				CLANG_ENABLE_OBJC_ARC = YES;
				CLANG_ENABLE_OBJC_WEAK = YES;
				CLANG_WARN_BLOCK_CAPTURE_AUTORELEASING = YES;
				CLANG_WARN_BOOL_CONVERSION = YES;
				CLANG_WARN_COMMA = YES;
				CLANG_WARN_CONSTANT_CONVERSION = YES;
				CLANG_WARN_DEPRECATED_OBJC_IMPLEMENTATIONS = YES;
				CLANG_WARN_DIRECT_OBJC_ISA_USAGE = YES_ERROR;
				CLANG_WARN_DOCUMENTATION_COMMENTS = YES;
				CLANG_WARN_EMPTY_BODY = YES;
				CLANG_WARN_ENUM_CONVERSION = YES;
				CLANG_WARN_INFINITE_RECURSION = YES;
				CLANG_WARN_INT_CONVERSION = YES;
				CLANG_WARN_NON_LITERAL_NULL_CONVERSION = YES;
				CLANG_WARN_OBJC_IMPLICIT_RETAIN_SELF = YES;
				CLANG_WARN_OBJC_LITERAL_CONVERSION = YES;
				CLANG_WARN_OBJC_ROOT_CLASS = YES_ERROR;
				CLANG_WARN_QUOTED_INCLUDE_IN_FRAMEWORK_HEADER = YES;
				CLANG_WARN_RANGE_LOOP_ANALYSIS = YES;
				CLANG_WARN_STRICT_PROTOTYPES = YES;
				CLANG_WARN_SUSPICIOUS_MOVE = YES;
				CLANG_WARN_UNGUARDED_AVAILABILITY = YES_AGGRESSIVE;
				CLANG_WARN_UNREACHABLE_CODE = YES;
				CLANG_WARN__DUPLICATE_METHOD_MATCH = YES;
				COPY_PHASE_STRIP = NO;
				DEBUG_INFORMATION_FORMAT = dwarf;
				ENABLE_STRICT_OBJC_MSGSEND = YES;
				ENABLE_TESTABILITY = YES;
				GCC_C_LANGUAGE_STANDARD = gnu11;
				GCC_DYNAMIC_NO_PIC = NO;
				GCC_NO_COMMON_BLOCKS = YES;
				GCC_OPTIMIZATION_LEVEL = 0;
				GCC_PREPROCESSOR_DEFINITIONS = (
					"DEBUG=1",
					"$(inherited)",
				);
				GCC_WARN_64_TO_32_BIT_CONVERSION = YES;
				GCC_WARN_ABOUT_RETURN_TYPE = YES_ERROR;
				GCC_WARN_UNDECLARED_SELECTOR = YES;
				GCC_WARN_UNINITIALIZED_AUTOS = YES_AGGRESSIVE;
				GCC_WARN_UNUSED_FUNCTION = YES;
				GCC_WARN_UNUSED_VARIABLE = YES;
				IPHONEOS_DEPLOYMENT_TARGET = 15.0;
				MTL_ENABLE_DEBUG_INFO = INCLUDE_SOURCE;
				MTL_FAST_MATH = YES;
				ONLY_ACTIVE_ARCH = YES;
				SDKROOT = iphoneos;
				SWIFT_ACTIVE_COMPILATION_CONDITIONS = DEBUG;
				SWIFT_OPTIMIZATION_LEVEL = "-Onone";
			};
			name = Debug;
		};
		AE69AFC9270BF8A3001F4CE9 /* Release */ = {
			isa = XCBuildConfiguration;
			buildSettings = {
				ALWAYS_SEARCH_USER_PATHS = NO;
				CLANG_ANALYZER_NONNULL = YES;
				CLANG_ANALYZER_NUMBER_OBJECT_CONVERSION = YES_AGGRESSIVE;
				CLANG_CXX_LANGUAGE_STANDARD = "gnu++17";
				CLANG_CXX_LIBRARY = "libc++";
				CLANG_ENABLE_MODULES = YES;
				CLANG_ENABLE_OBJC_ARC = YES;
				CLANG_ENABLE_OBJC_WEAK = YES;
				CLANG_WARN_BLOCK_CAPTURE_AUTORELEASING = YES;
				CLANG_WARN_BOOL_CONVERSION = YES;
				CLANG_WARN_COMMA = YES;
				CLANG_WARN_CONSTANT_CONVERSION = YES;
				CLANG_WARN_DEPRECATED_OBJC_IMPLEMENTATIONS = YES;
				CLANG_WARN_DIRECT_OBJC_ISA_USAGE = YES_ERROR;
				CLANG_WARN_DOCUMENTATION_COMMENTS = YES;
				CLANG_WARN_EMPTY_BODY = YES;
				CLANG_WARN_ENUM_CONVERSION = YES;
				CLANG_WARN_INFINITE_RECURSION = YES;
				CLANG_WARN_INT_CONVERSION = YES;
				CLANG_WARN_NON_LITERAL_NULL_CONVERSION = YES;
				CLANG_WARN_OBJC_IMPLICIT_RETAIN_SELF = YES;
				CLANG_WARN_OBJC_LITERAL_CONVERSION = YES;
				CLANG_WARN_OBJC_ROOT_CLASS = YES_ERROR;
				CLANG_WARN_QUOTED_INCLUDE_IN_FRAMEWORK_HEADER = YES;
				CLANG_WARN_RANGE_LOOP_ANALYSIS = YES;
				CLANG_WARN_STRICT_PROTOTYPES = YES;
				CLANG_WARN_SUSPICIOUS_MOVE = YES;
				CLANG_WARN_UNGUARDED_AVAILABILITY = YES_AGGRESSIVE;
				CLANG_WARN_UNREACHABLE_CODE = YES;
				CLANG_WARN__DUPLICATE_METHOD_MATCH = YES;
				COPY_PHASE_STRIP = NO;
				DEBUG_INFORMATION_FORMAT = "dwarf-with-dsym";
				ENABLE_NS_ASSERTIONS = NO;
				ENABLE_STRICT_OBJC_MSGSEND = YES;
				GCC_C_LANGUAGE_STANDARD = gnu11;
				GCC_NO_COMMON_BLOCKS = YES;
				GCC_WARN_64_TO_32_BIT_CONVERSION = YES;
				GCC_WARN_ABOUT_RETURN_TYPE = YES_ERROR;
				GCC_WARN_UNDECLARED_SELECTOR = YES;
				GCC_WARN_UNINITIALIZED_AUTOS = YES_AGGRESSIVE;
				GCC_WARN_UNUSED_FUNCTION = YES;
				GCC_WARN_UNUSED_VARIABLE = YES;
				IPHONEOS_DEPLOYMENT_TARGET = 15.0;
				MTL_ENABLE_DEBUG_INFO = NO;
				MTL_FAST_MATH = YES;
				SDKROOT = iphoneos;
				SWIFT_COMPILATION_MODE = wholemodule;
				SWIFT_OPTIMIZATION_LEVEL = "-O";
				VALIDATE_PRODUCT = YES;
			};
			name = Release;
		};
		AE69AFCB270BF8A3001F4CE9 /* Debug */ = {
			isa = XCBuildConfiguration;
			buildSettings = {
				ALWAYS_EMBED_SWIFT_STANDARD_LIBRARIES = YES;
				ASSETCATALOG_COMPILER_APPICON_NAME = AppIcon;
				ASSETCATALOG_COMPILER_GLOBAL_ACCENT_COLOR_NAME = AccentColor;
				CODE_SIGN_STYLE = Automatic;
				CURRENT_PROJECT_VERSION = 1;
				DEVELOPMENT_ASSET_PATHS = "\"SimpleWidget/Preview Content\"";
				DEVELOPMENT_TEAM = B3PWYBKFUK;
				ENABLE_PREVIEWS = YES;
				GENERATE_INFOPLIST_FILE = YES;
				INFOPLIST_KEY_UIApplicationSceneManifest_Generation = YES;
				INFOPLIST_KEY_UIApplicationSupportsIndirectInputEvents = YES;
				INFOPLIST_KEY_UILaunchScreen_Generation = YES;
				INFOPLIST_KEY_UISupportedInterfaceOrientations_iPad = "UIInterfaceOrientationPortrait UIInterfaceOrientationPortraitUpsideDown UIInterfaceOrientationLandscapeLeft UIInterfaceOrientationLandscapeRight";
				INFOPLIST_KEY_UISupportedInterfaceOrientations_iPhone = "UIInterfaceOrientationPortrait UIInterfaceOrientationLandscapeLeft UIInterfaceOrientationLandscapeRight";
				IPHONEOS_DEPLOYMENT_TARGET = 14.0;
				LD_RUNPATH_SEARCH_PATHS = (
					"$(inherited)",
					"@executable_path/Frameworks",
				);
				MARKETING_VERSION = 1.0;
				PRODUCT_BUNDLE_IDENTIFIER = kr.codesquad.SimpleWidget;
				PRODUCT_NAME = "$(TARGET_NAME)";
				SWIFT_EMIT_LOC_STRINGS = YES;
				SWIFT_VERSION = 5.0;
				TARGETED_DEVICE_FAMILY = "1,2";
			};
			name = Debug;
		};
		AE69AFCC270BF8A3001F4CE9 /* Release */ = {
			isa = XCBuildConfiguration;
			buildSettings = {
				ALWAYS_EMBED_SWIFT_STANDARD_LIBRARIES = YES;
				ASSETCATALOG_COMPILER_APPICON_NAME = AppIcon;
				ASSETCATALOG_COMPILER_GLOBAL_ACCENT_COLOR_NAME = AccentColor;
				CODE_SIGN_STYLE = Automatic;
				CURRENT_PROJECT_VERSION = 1;
				DEVELOPMENT_ASSET_PATHS = "\"SimpleWidget/Preview Content\"";
				DEVELOPMENT_TEAM = B3PWYBKFUK;
				ENABLE_PREVIEWS = YES;
				GENERATE_INFOPLIST_FILE = YES;
				INFOPLIST_KEY_UIApplicationSceneManifest_Generation = YES;
				INFOPLIST_KEY_UIApplicationSupportsIndirectInputEvents = YES;
				INFOPLIST_KEY_UILaunchScreen_Generation = YES;
				INFOPLIST_KEY_UISupportedInterfaceOrientations_iPad = "UIInterfaceOrientationPortrait UIInterfaceOrientationPortraitUpsideDown UIInterfaceOrientationLandscapeLeft UIInterfaceOrientationLandscapeRight";
				INFOPLIST_KEY_UISupportedInterfaceOrientations_iPhone = "UIInterfaceOrientationPortrait UIInterfaceOrientationLandscapeLeft UIInterfaceOrientationLandscapeRight";
				IPHONEOS_DEPLOYMENT_TARGET = 14.0;
				LD_RUNPATH_SEARCH_PATHS = (
					"$(inherited)",
					"@executable_path/Frameworks",
				);
				MARKETING_VERSION = 1.0;
				PRODUCT_BUNDLE_IDENTIFIER = kr.codesquad.SimpleWidget;
				PRODUCT_NAME = "$(TARGET_NAME)";
				SWIFT_EMIT_LOC_STRINGS = YES;
				SWIFT_VERSION = 5.0;
				TARGETED_DEVICE_FAMILY = "1,2";
			};
			name = Release;
		};
		AE69B015270C103D001F4CE9 /* Debug */ = {
			isa = XCBuildConfiguration;
			buildSettings = {
				ASSETCATALOG_COMPILER_GLOBAL_ACCENT_COLOR_NAME = AccentColor;
				ASSETCATALOG_COMPILER_WIDGET_BACKGROUND_COLOR_NAME = WidgetBackground;
				CODE_SIGN_STYLE = Automatic;
				CURRENT_PROJECT_VERSION = 1;
				DEVELOPMENT_TEAM = B3PWYBKFUK;
				GENERATE_INFOPLIST_FILE = YES;
				INFOPLIST_FILE = FirstWidget/Info.plist;
				INFOPLIST_KEY_CFBundleDisplayName = FirstWidget;
				INFOPLIST_KEY_NSHumanReadableCopyright = "";
				LD_RUNPATH_SEARCH_PATHS = (
					"$(inherited)",
					"@executable_path/Frameworks",
					"@executable_path/../../Frameworks",
				);
				MARKETING_VERSION = 1.0;
				PRODUCT_BUNDLE_IDENTIFIER = kr.codesquad.SimpleWidget.FirstWidget;
				PRODUCT_NAME = "$(TARGET_NAME)";
				SKIP_INSTALL = YES;
				SWIFT_EMIT_LOC_STRINGS = YES;
				SWIFT_VERSION = 5.0;
				TARGETED_DEVICE_FAMILY = "1,2";
			};
			name = Debug;
		};
		AE69B016270C103D001F4CE9 /* Release */ = {
			isa = XCBuildConfiguration;
			buildSettings = {
				ASSETCATALOG_COMPILER_GLOBAL_ACCENT_COLOR_NAME = AccentColor;
				ASSETCATALOG_COMPILER_WIDGET_BACKGROUND_COLOR_NAME = WidgetBackground;
				CODE_SIGN_STYLE = Automatic;
				CURRENT_PROJECT_VERSION = 1;
				DEVELOPMENT_TEAM = B3PWYBKFUK;
				GENERATE_INFOPLIST_FILE = YES;
				INFOPLIST_FILE = FirstWidget/Info.plist;
				INFOPLIST_KEY_CFBundleDisplayName = FirstWidget;
				INFOPLIST_KEY_NSHumanReadableCopyright = "";
				LD_RUNPATH_SEARCH_PATHS = (
					"$(inherited)",
					"@executable_path/Frameworks",
					"@executable_path/../../Frameworks",
				);
				MARKETING_VERSION = 1.0;
				PRODUCT_BUNDLE_IDENTIFIER = kr.codesquad.SimpleWidget.FirstWidget;
				PRODUCT_NAME = "$(TARGET_NAME)";
				SKIP_INSTALL = YES;
				SWIFT_EMIT_LOC_STRINGS = YES;
				SWIFT_VERSION = 5.0;
				TARGETED_DEVICE_FAMILY = "1,2";
			};
			name = Release;
		};
/* End XCBuildConfiguration section */

/* Begin XCConfigurationList section */
		AE69AFB7270BF8A2001F4CE9 /* Build configuration list for PBXProject "SimpleWidget" */ = {
			isa = XCConfigurationList;
			buildConfigurations = (
				AE69AFC8270BF8A3001F4CE9 /* Debug */,
				AE69AFC9270BF8A3001F4CE9 /* Release */,
			);
			defaultConfigurationIsVisible = 0;
			defaultConfigurationName = Release;
		};
		AE69AFCA270BF8A3001F4CE9 /* Build configuration list for PBXNativeTarget "SimpleWidget" */ = {
			isa = XCConfigurationList;
			buildConfigurations = (
				AE69AFCB270BF8A3001F4CE9 /* Debug */,
				AE69AFCC270BF8A3001F4CE9 /* Release */,
			);
			defaultConfigurationIsVisible = 0;
			defaultConfigurationName = Release;
		};
		AE69B017270C103D001F4CE9 /* Build configuration list for PBXNativeTarget "FirstWidgetExtension" */ = {
			isa = XCConfigurationList;
			buildConfigurations = (
				AE69B015270C103D001F4CE9 /* Debug */,
				AE69B016270C103D001F4CE9 /* Release */,
			);
			defaultConfigurationIsVisible = 0;
			defaultConfigurationName = Release;
		};
/* End XCConfigurationList section */

/* Begin XCRemoteSwiftPackageReference section */
		AE2760FD270C408F00743102 /* XCRemoteSwiftPackageReference "Kingfisher" */ = {
			isa = XCRemoteSwiftPackageReference;
			repositoryURL = "https://github.com/onevcat/Kingfisher.git";
			requirement = {
				kind = upToNextMajorVersion;
				minimumVersion = 7.0.0;
			};
		};
/* End XCRemoteSwiftPackageReference section */

/* Begin XCSwiftPackageProductDependency section */
		AE2760FE270C408F00743102 /* Kingfisher */ = {
			isa = XCSwiftPackageProductDependency;
			package = AE2760FD270C408F00743102 /* XCRemoteSwiftPackageReference "Kingfisher" */;
			productName = Kingfisher;
		};
/* End XCSwiftPackageProductDependency section */
	};
	rootObject = AE69AFB4270BF8A2001F4CE9 /* Project object */;
}
