// !$*UTF8*$!
{
	archiveVersion = 1;
	classes = {
	};
	objectVersion = 51;
	objects = {

/* Begin PBXBuildFile section */
		7103D016268A1A91001E6875 /* AppDelegate.swift in Sources */ = {isa = PBXBuildFile; fileRef = 7103D015268A1A91001E6875 /* AppDelegate.swift */; };
		7103D018268A1A91001E6875 /* SceneDelegate.swift in Sources */ = {isa = PBXBuildFile; fileRef = 7103D017268A1A91001E6875 /* SceneDelegate.swift */; };
		7103D01D268A1A91001E6875 /* Main.storyboard in Resources */ = {isa = PBXBuildFile; fileRef = 7103D01B268A1A91001E6875 /* Main.storyboard */; };
		7103D01F268A1A92001E6875 /* Assets.xcassets in Resources */ = {isa = PBXBuildFile; fileRef = 7103D01E268A1A92001E6875 /* Assets.xcassets */; };
		7103D022268A1A92001E6875 /* LaunchScreen.storyboard in Resources */ = {isa = PBXBuildFile; fileRef = 7103D020268A1A92001E6875 /* LaunchScreen.storyboard */; };
		7103D02F268A1C30001E6875 /* Memo.swift in Sources */ = {isa = PBXBuildFile; fileRef = 7103D02E268A1C30001E6875 /* Memo.swift */; };
		7103D031268A1CAC001E6875 /* MemoryStorageType.swift in Sources */ = {isa = PBXBuildFile; fileRef = 7103D030268A1CAC001E6875 /* MemoryStorageType.swift */; };
		7103D033268A1D52001E6875 /* MemoryStorage.swift in Sources */ = {isa = PBXBuildFile; fileRef = 7103D032268A1D52001E6875 /* MemoryStorage.swift */; };
		7103D035268A2032001E6875 /* MemoListViewController.swift in Sources */ = {isa = PBXBuildFile; fileRef = 7103D034268A2032001E6875 /* MemoListViewController.swift */; };
		7103D037268A206A001E6875 /* MemoDetailViewController.swift in Sources */ = {isa = PBXBuildFile; fileRef = 7103D036268A206A001E6875 /* MemoDetailViewController.swift */; };
		7103D039268A2094001E6875 /* MemoComposeViewController.swift in Sources */ = {isa = PBXBuildFile; fileRef = 7103D038268A2094001E6875 /* MemoComposeViewController.swift */; };
		7103D03B268A20B8001E6875 /* MemoListViewModel.swift in Sources */ = {isa = PBXBuildFile; fileRef = 7103D03A268A20B8001E6875 /* MemoListViewModel.swift */; };
		7103D03D268A20D1001E6875 /* MemoDetailViewModel.swift in Sources */ = {isa = PBXBuildFile; fileRef = 7103D03C268A20D1001E6875 /* MemoDetailViewModel.swift */; };
		7103D03F268A20E6001E6875 /* MemoComposeViewModel.swift in Sources */ = {isa = PBXBuildFile; fileRef = 7103D03E268A20E6001E6875 /* MemoComposeViewModel.swift */; };
		7103D041268A2108001E6875 /* ViewModelBindableType.swift in Sources */ = {isa = PBXBuildFile; fileRef = 7103D040268A2108001E6875 /* ViewModelBindableType.swift */; };
		7103D043268A21FF001E6875 /* TransitionModel.swift in Sources */ = {isa = PBXBuildFile; fileRef = 7103D042268A21FF001E6875 /* TransitionModel.swift */; };
		7103D045268A223A001E6875 /* Scene.swift in Sources */ = {isa = PBXBuildFile; fileRef = 7103D044268A223A001E6875 /* Scene.swift */; };
		7103D047268A23C3001E6875 /* SceneCoordinatorType.swift in Sources */ = {isa = PBXBuildFile; fileRef = 7103D046268A23C3001E6875 /* SceneCoordinatorType.swift */; };
		7103D049268A2446001E6875 /* SceneCoordinator.swift in Sources */ = {isa = PBXBuildFile; fileRef = 7103D048268A2446001E6875 /* SceneCoordinator.swift */; };
		7103D04B268A26AA001E6875 /* CommonViewModel.swift in Sources */ = {isa = PBXBuildFile; fileRef = 7103D04A268A26AA001E6875 /* CommonViewModel.swift */; };
		BA427CED0A986271BCC12346 /* Pods_ProtocolRay.framework in Frameworks */ = {isa = PBXBuildFile; fileRef = 7187E045B125369219E43495 /* Pods_ProtocolRay.framework */; };
/* End PBXBuildFile section */

/* Begin PBXFileReference section */
		7103D012268A1A91001E6875 /* ProtocolRay.app */ = {isa = PBXFileReference; explicitFileType = wrapper.application; includeInIndex = 0; path = ProtocolRay.app; sourceTree = BUILT_PRODUCTS_DIR; };
		7103D015268A1A91001E6875 /* AppDelegate.swift */ = {isa = PBXFileReference; lastKnownFileType = sourcecode.swift; path = AppDelegate.swift; sourceTree = "<group>"; };
		7103D017268A1A91001E6875 /* SceneDelegate.swift */ = {isa = PBXFileReference; lastKnownFileType = sourcecode.swift; path = SceneDelegate.swift; sourceTree = "<group>"; };
		7103D01C268A1A91001E6875 /* Base */ = {isa = PBXFileReference; lastKnownFileType = file.storyboard; name = Base; path = Base.lproj/Main.storyboard; sourceTree = "<group>"; };
		7103D01E268A1A92001E6875 /* Assets.xcassets */ = {isa = PBXFileReference; lastKnownFileType = folder.assetcatalog; path = Assets.xcassets; sourceTree = "<group>"; };
		7103D021268A1A92001E6875 /* Base */ = {isa = PBXFileReference; lastKnownFileType = file.storyboard; name = Base; path = Base.lproj/LaunchScreen.storyboard; sourceTree = "<group>"; };
		7103D023268A1A92001E6875 /* Info.plist */ = {isa = PBXFileReference; lastKnownFileType = text.plist.xml; path = Info.plist; sourceTree = "<group>"; };
		7103D02E268A1C30001E6875 /* Memo.swift */ = {isa = PBXFileReference; lastKnownFileType = sourcecode.swift; path = Memo.swift; sourceTree = "<group>"; };
		7103D030268A1CAC001E6875 /* MemoryStorageType.swift */ = {isa = PBXFileReference; lastKnownFileType = sourcecode.swift; path = MemoryStorageType.swift; sourceTree = "<group>"; };
		7103D032268A1D52001E6875 /* MemoryStorage.swift */ = {isa = PBXFileReference; lastKnownFileType = sourcecode.swift; path = MemoryStorage.swift; sourceTree = "<group>"; };
		7103D034268A2032001E6875 /* MemoListViewController.swift */ = {isa = PBXFileReference; lastKnownFileType = sourcecode.swift; path = MemoListViewController.swift; sourceTree = "<group>"; };
		7103D036268A206A001E6875 /* MemoDetailViewController.swift */ = {isa = PBXFileReference; lastKnownFileType = sourcecode.swift; path = MemoDetailViewController.swift; sourceTree = "<group>"; };
		7103D038268A2094001E6875 /* MemoComposeViewController.swift */ = {isa = PBXFileReference; lastKnownFileType = sourcecode.swift; path = MemoComposeViewController.swift; sourceTree = "<group>"; };
		7103D03A268A20B8001E6875 /* MemoListViewModel.swift */ = {isa = PBXFileReference; lastKnownFileType = sourcecode.swift; path = MemoListViewModel.swift; sourceTree = "<group>"; };
		7103D03C268A20D1001E6875 /* MemoDetailViewModel.swift */ = {isa = PBXFileReference; lastKnownFileType = sourcecode.swift; path = MemoDetailViewModel.swift; sourceTree = "<group>"; };
		7103D03E268A20E6001E6875 /* MemoComposeViewModel.swift */ = {isa = PBXFileReference; lastKnownFileType = sourcecode.swift; path = MemoComposeViewModel.swift; sourceTree = "<group>"; };
		7103D040268A2108001E6875 /* ViewModelBindableType.swift */ = {isa = PBXFileReference; lastKnownFileType = sourcecode.swift; path = ViewModelBindableType.swift; sourceTree = "<group>"; };
		7103D042268A21FF001E6875 /* TransitionModel.swift */ = {isa = PBXFileReference; lastKnownFileType = sourcecode.swift; path = TransitionModel.swift; sourceTree = "<group>"; };
		7103D044268A223A001E6875 /* Scene.swift */ = {isa = PBXFileReference; lastKnownFileType = sourcecode.swift; path = Scene.swift; sourceTree = "<group>"; };
		7103D046268A23C3001E6875 /* SceneCoordinatorType.swift */ = {isa = PBXFileReference; lastKnownFileType = sourcecode.swift; path = SceneCoordinatorType.swift; sourceTree = "<group>"; };
		7103D048268A2446001E6875 /* SceneCoordinator.swift */ = {isa = PBXFileReference; lastKnownFileType = sourcecode.swift; path = SceneCoordinator.swift; sourceTree = "<group>"; };
		7103D04A268A26AA001E6875 /* CommonViewModel.swift */ = {isa = PBXFileReference; lastKnownFileType = sourcecode.swift; path = CommonViewModel.swift; sourceTree = "<group>"; };
		7187E045B125369219E43495 /* Pods_ProtocolRay.framework */ = {isa = PBXFileReference; explicitFileType = wrapper.framework; includeInIndex = 0; path = Pods_ProtocolRay.framework; sourceTree = BUILT_PRODUCTS_DIR; };
		819288C42CB45DAA5AC74AA9 /* Pods-ProtocolRay.release.xcconfig */ = {isa = PBXFileReference; includeInIndex = 1; lastKnownFileType = text.xcconfig; name = "Pods-ProtocolRay.release.xcconfig"; path = "Target Support Files/Pods-ProtocolRay/Pods-ProtocolRay.release.xcconfig"; sourceTree = "<group>"; };
		F16F999502B4D77420F1F841 /* Pods-ProtocolRay.debug.xcconfig */ = {isa = PBXFileReference; includeInIndex = 1; lastKnownFileType = text.xcconfig; name = "Pods-ProtocolRay.debug.xcconfig"; path = "Target Support Files/Pods-ProtocolRay/Pods-ProtocolRay.debug.xcconfig"; sourceTree = "<group>"; };
/* End PBXFileReference section */

/* Begin PBXFrameworksBuildPhase section */
		7103D00F268A1A91001E6875 /* Frameworks */ = {
			isa = PBXFrameworksBuildPhase;
			buildActionMask = 2147483647;
			files = (
				BA427CED0A986271BCC12346 /* Pods_ProtocolRay.framework in Frameworks */,
			);
			runOnlyForDeploymentPostprocessing = 0;
		};
/* End PBXFrameworksBuildPhase section */

/* Begin PBXGroup section */
		684258AC266F7E75E2AA07BD /* Frameworks */ = {
			isa = PBXGroup;
			children = (
				7187E045B125369219E43495 /* Pods_ProtocolRay.framework */,
			);
			name = Frameworks;
			sourceTree = "<group>";
		};
		7103D009268A1A91001E6875 = {
			isa = PBXGroup;
			children = (
				7103D014268A1A91001E6875 /* ProtocolRay */,
				7103D013268A1A91001E6875 /* Products */,
				7F9C89EFCE8F0AC3497F54BD /* Pods */,
				684258AC266F7E75E2AA07BD /* Frameworks */,
			);
			sourceTree = "<group>";
		};
		7103D013268A1A91001E6875 /* Products */ = {
			isa = PBXGroup;
			children = (
				7103D012268A1A91001E6875 /* ProtocolRay.app */,
			);
			name = Products;
			sourceTree = "<group>";
		};
		7103D014268A1A91001E6875 /* ProtocolRay */ = {
			isa = PBXGroup;
			children = (
				7103D02D268A1BB2001E6875 /* Scene */,
				7103D02C268A1BA8001E6875 /* Service */,
				7103D02B268A1BA0001E6875 /* ViewModel */,
				7103D02A268A1B96001E6875 /* ViewController */,
				7103D029268A1B88001E6875 /* Model */,
				7103D015268A1A91001E6875 /* AppDelegate.swift */,
				7103D017268A1A91001E6875 /* SceneDelegate.swift */,
				7103D01E268A1A92001E6875 /* Assets.xcassets */,
				7103D023268A1A92001E6875 /* Info.plist */,
			);
			path = ProtocolRay;
			sourceTree = "<group>";
		};
		7103D029268A1B88001E6875 /* Model */ = {
			isa = PBXGroup;
			children = (
				7103D02E268A1C30001E6875 /* Memo.swift */,
			);
			path = Model;
			sourceTree = "<group>";
		};
		7103D02A268A1B96001E6875 /* ViewController */ = {
			isa = PBXGroup;
			children = (
				7103D01B268A1A91001E6875 /* Main.storyboard */,
				7103D020268A1A92001E6875 /* LaunchScreen.storyboard */,
				7103D034268A2032001E6875 /* MemoListViewController.swift */,
				7103D036268A206A001E6875 /* MemoDetailViewController.swift */,
				7103D038268A2094001E6875 /* MemoComposeViewController.swift */,
				7103D040268A2108001E6875 /* ViewModelBindableType.swift */,
			);
			path = ViewController;
			sourceTree = "<group>";
		};
		7103D02B268A1BA0001E6875 /* ViewModel */ = {
			isa = PBXGroup;
			children = (
				7103D03A268A20B8001E6875 /* MemoListViewModel.swift */,
				7103D03C268A20D1001E6875 /* MemoDetailViewModel.swift */,
				7103D03E268A20E6001E6875 /* MemoComposeViewModel.swift */,
				7103D04A268A26AA001E6875 /* CommonViewModel.swift */,
			);
			path = ViewModel;
			sourceTree = "<group>";
		};
		7103D02C268A1BA8001E6875 /* Service */ = {
			isa = PBXGroup;
			children = (
				7103D030268A1CAC001E6875 /* MemoryStorageType.swift */,
				7103D032268A1D52001E6875 /* MemoryStorage.swift */,
			);
			path = Service;
			sourceTree = "<group>";
		};
		7103D02D268A1BB2001E6875 /* Scene */ = {
			isa = PBXGroup;
			children = (
				7103D042268A21FF001E6875 /* TransitionModel.swift */,
				7103D044268A223A001E6875 /* Scene.swift */,
				7103D046268A23C3001E6875 /* SceneCoordinatorType.swift */,
				7103D048268A2446001E6875 /* SceneCoordinator.swift */,
			);
			path = Scene;
			sourceTree = "<group>";
		};
		7F9C89EFCE8F0AC3497F54BD /* Pods */ = {
			isa = PBXGroup;
			children = (
				F16F999502B4D77420F1F841 /* Pods-ProtocolRay.debug.xcconfig */,
				819288C42CB45DAA5AC74AA9 /* Pods-ProtocolRay.release.xcconfig */,
			);
			path = Pods;
			sourceTree = "<group>";
		};
/* End PBXGroup section */

/* Begin PBXNativeTarget section */
		7103D011268A1A91001E6875 /* ProtocolRay */ = {
			isa = PBXNativeTarget;
			buildConfigurationList = 7103D026268A1A92001E6875 /* Build configuration list for PBXNativeTarget "ProtocolRay" */;
			buildPhases = (
				78BF9C58991E308BA578F3C7 /* [CP] Check Pods Manifest.lock */,
				7103D00E268A1A91001E6875 /* Sources */,
				7103D00F268A1A91001E6875 /* Frameworks */,
				7103D010268A1A91001E6875 /* Resources */,
				250FAB50D71DC7DDF0670B79 /* [CP] Embed Pods Frameworks */,
			);
			buildRules = (
			);
			dependencies = (
			);
			name = ProtocolRay;
			productName = ProtocolRay;
			productReference = 7103D012268A1A91001E6875 /* ProtocolRay.app */;
			productType = "com.apple.product-type.application";
		};
/* End PBXNativeTarget section */

/* Begin PBXProject section */
		7103D00A268A1A91001E6875 /* Project object */ = {
			isa = PBXProject;
			attributes = {
				LastSwiftUpdateCheck = 1250;
				LastUpgradeCheck = 1250;
				TargetAttributes = {
					7103D011268A1A91001E6875 = {
						CreatedOnToolsVersion = 12.5.1;
					};
				};
			};
			buildConfigurationList = 7103D00D268A1A91001E6875 /* Build configuration list for PBXProject "ProtocolRay" */;
			compatibilityVersion = "Xcode 9.3";
			developmentRegion = en;
			hasScannedForEncodings = 0;
			knownRegions = (
				en,
				Base,
			);
			mainGroup = 7103D009268A1A91001E6875;
			productRefGroup = 7103D013268A1A91001E6875 /* Products */;
			projectDirPath = "";
			projectRoot = "";
			targets = (
				7103D011268A1A91001E6875 /* ProtocolRay */,
			);
		};
/* End PBXProject section */

/* Begin PBXResourcesBuildPhase section */
		7103D010268A1A91001E6875 /* Resources */ = {
			isa = PBXResourcesBuildPhase;
			buildActionMask = 2147483647;
			files = (
				7103D022268A1A92001E6875 /* LaunchScreen.storyboard in Resources */,
				7103D01F268A1A92001E6875 /* Assets.xcassets in Resources */,
				7103D01D268A1A91001E6875 /* Main.storyboard in Resources */,
			);
			runOnlyForDeploymentPostprocessing = 0;
		};
/* End PBXResourcesBuildPhase section */

/* Begin PBXShellScriptBuildPhase section */
		250FAB50D71DC7DDF0670B79 /* [CP] Embed Pods Frameworks */ = {
			isa = PBXShellScriptBuildPhase;
			buildActionMask = 2147483647;
			files = (
			);
			inputFileListPaths = (
				"${PODS_ROOT}/Target Support Files/Pods-ProtocolRay/Pods-ProtocolRay-frameworks-${CONFIGURATION}-input-files.xcfilelist",
			);
			name = "[CP] Embed Pods Frameworks";
			outputFileListPaths = (
				"${PODS_ROOT}/Target Support Files/Pods-ProtocolRay/Pods-ProtocolRay-frameworks-${CONFIGURATION}-output-files.xcfilelist",
			);
			runOnlyForDeploymentPostprocessing = 0;
			shellPath = /bin/sh;
			shellScript = "\"${PODS_ROOT}/Target Support Files/Pods-ProtocolRay/Pods-ProtocolRay-frameworks.sh\"\n";
			showEnvVarsInLog = 0;
		};
		78BF9C58991E308BA578F3C7 /* [CP] Check Pods Manifest.lock */ = {
			isa = PBXShellScriptBuildPhase;
			buildActionMask = 2147483647;
			files = (
			);
			inputFileListPaths = (
			);
			inputPaths = (
				"${PODS_PODFILE_DIR_PATH}/Podfile.lock",
				"${PODS_ROOT}/Manifest.lock",
			);
			name = "[CP] Check Pods Manifest.lock";
			outputFileListPaths = (
			);
			outputPaths = (
				"$(DERIVED_FILE_DIR)/Pods-ProtocolRay-checkManifestLockResult.txt",
			);
			runOnlyForDeploymentPostprocessing = 0;
			shellPath = /bin/sh;
			shellScript = "diff \"${PODS_PODFILE_DIR_PATH}/Podfile.lock\" \"${PODS_ROOT}/Manifest.lock\" > /dev/null\nif [ $? != 0 ] ; then\n    # print error to STDERR\n    echo \"error: The sandbox is not in sync with the Podfile.lock. Run 'pod install' or update your CocoaPods installation.\" >&2\n    exit 1\nfi\n# This output is used by Xcode 'outputs' to avoid re-running this script phase.\necho \"SUCCESS\" > \"${SCRIPT_OUTPUT_FILE_0}\"\n";
			showEnvVarsInLog = 0;
		};
/* End PBXShellScriptBuildPhase section */

/* Begin PBXSourcesBuildPhase section */
		7103D00E268A1A91001E6875 /* Sources */ = {
			isa = PBXSourcesBuildPhase;
			buildActionMask = 2147483647;
			files = (
				7103D037268A206A001E6875 /* MemoDetailViewController.swift in Sources */,
				7103D043268A21FF001E6875 /* TransitionModel.swift in Sources */,
				7103D047268A23C3001E6875 /* SceneCoordinatorType.swift in Sources */,
				7103D049268A2446001E6875 /* SceneCoordinator.swift in Sources */,
				7103D02F268A1C30001E6875 /* Memo.swift in Sources */,
				7103D03F268A20E6001E6875 /* MemoComposeViewModel.swift in Sources */,
				7103D045268A223A001E6875 /* Scene.swift in Sources */,
				7103D016268A1A91001E6875 /* AppDelegate.swift in Sources */,
				7103D03D268A20D1001E6875 /* MemoDetailViewModel.swift in Sources */,
				7103D035268A2032001E6875 /* MemoListViewController.swift in Sources */,
				7103D031268A1CAC001E6875 /* MemoryStorageType.swift in Sources */,
				7103D039268A2094001E6875 /* MemoComposeViewController.swift in Sources */,
				7103D018268A1A91001E6875 /* SceneDelegate.swift in Sources */,
				7103D041268A2108001E6875 /* ViewModelBindableType.swift in Sources */,
				7103D033268A1D52001E6875 /* MemoryStorage.swift in Sources */,
				7103D03B268A20B8001E6875 /* MemoListViewModel.swift in Sources */,
				7103D04B268A26AA001E6875 /* CommonViewModel.swift in Sources */,
			);
			runOnlyForDeploymentPostprocessing = 0;
		};
/* End PBXSourcesBuildPhase section */

/* Begin PBXVariantGroup section */
		7103D01B268A1A91001E6875 /* Main.storyboard */ = {
			isa = PBXVariantGroup;
			children = (
				7103D01C268A1A91001E6875 /* Base */,
			);
			name = Main.storyboard;
			sourceTree = "<group>";
		};
		7103D020268A1A92001E6875 /* LaunchScreen.storyboard */ = {
			isa = PBXVariantGroup;
			children = (
				7103D021268A1A92001E6875 /* Base */,
			);
			name = LaunchScreen.storyboard;
			sourceTree = "<group>";
		};
/* End PBXVariantGroup section */

/* Begin XCBuildConfiguration section */
		7103D024268A1A92001E6875 /* Debug */ = {
			isa = XCBuildConfiguration;
			buildSettings = {
				ALWAYS_SEARCH_USER_PATHS = NO;
				CLANG_ANALYZER_NONNULL = YES;
				CLANG_ANALYZER_NUMBER_OBJECT_CONVERSION = YES_AGGRESSIVE;
				CLANG_CXX_LANGUAGE_STANDARD = "gnu++14";
				CLANG_CXX_LIBRARY = "libc++";
				CLANG_ENABLE_MODULES = YES;
				CLANG_ENABLE_OBJC_ARC = YES;
				CLANG_ENABLE_OBJC_WEAK = YES;
				CLANG_WARN_BLOCK_CAPTURE_AUTORELEASING = YES;
				CLANG_WARN_BOOL_CONVERSION = YES;
				CLANG_WARN_COMMA = YES;
				CLANG_WARN_CONSTANT_CONVERSION = YES;
				CLANG_WARN_DEPRECATED_OBJC_IMPLEMENTATIONS = YES;
				CLANG_WARN_DIRECT_OBJC_ISA_USAGE = YES_ERROR;
				CLANG_WARN_DOCUMENTATION_COMMENTS = YES;
				CLANG_WARN_EMPTY_BODY = YES;
				CLANG_WARN_ENUM_CONVERSION = YES;
				CLANG_WARN_INFINITE_RECURSION = YES;
				CLANG_WARN_INT_CONVERSION = YES;
				CLANG_WARN_NON_LITERAL_NULL_CONVERSION = YES;
				CLANG_WARN_OBJC_IMPLICIT_RETAIN_SELF = YES;
				CLANG_WARN_OBJC_LITERAL_CONVERSION = YES;
				CLANG_WARN_OBJC_ROOT_CLASS = YES_ERROR;
				CLANG_WARN_QUOTED_INCLUDE_IN_FRAMEWORK_HEADER = YES;
				CLANG_WARN_RANGE_LOOP_ANALYSIS = YES;
				CLANG_WARN_STRICT_PROTOTYPES = YES;
				CLANG_WARN_SUSPICIOUS_MOVE = YES;
				CLANG_WARN_UNGUARDED_AVAILABILITY = YES_AGGRESSIVE;
				CLANG_WARN_UNREACHABLE_CODE = YES;
				CLANG_WARN__DUPLICATE_METHOD_MATCH = YES;
				COPY_PHASE_STRIP = NO;
				DEBUG_INFORMATION_FORMAT = dwarf;
				ENABLE_STRICT_OBJC_MSGSEND = YES;
				ENABLE_TESTABILITY = YES;
				GCC_C_LANGUAGE_STANDARD = gnu11;
				GCC_DYNAMIC_NO_PIC = NO;
				GCC_NO_COMMON_BLOCKS = YES;
				GCC_OPTIMIZATION_LEVEL = 0;
				GCC_PREPROCESSOR_DEFINITIONS = (
					"DEBUG=1",
					"$(inherited)",
				);
				GCC_WARN_64_TO_32_BIT_CONVERSION = YES;
				GCC_WARN_ABOUT_RETURN_TYPE = YES_ERROR;
				GCC_WARN_UNDECLARED_SELECTOR = YES;
				GCC_WARN_UNINITIALIZED_AUTOS = YES_AGGRESSIVE;
				GCC_WARN_UNUSED_FUNCTION = YES;
				GCC_WARN_UNUSED_VARIABLE = YES;
				IPHONEOS_DEPLOYMENT_TARGET = 14.5;
				MTL_ENABLE_DEBUG_INFO = INCLUDE_SOURCE;
				MTL_FAST_MATH = YES;
				ONLY_ACTIVE_ARCH = YES;
				SDKROOT = iphoneos;
				SWIFT_ACTIVE_COMPILATION_CONDITIONS = DEBUG;
				SWIFT_OPTIMIZATION_LEVEL = "-Onone";
			};
			name = Debug;
		};
		7103D025268A1A92001E6875 /* Release */ = {
			isa = XCBuildConfiguration;
			buildSettings = {
				ALWAYS_SEARCH_USER_PATHS = NO;
				CLANG_ANALYZER_NONNULL = YES;
				CLANG_ANALYZER_NUMBER_OBJECT_CONVERSION = YES_AGGRESSIVE;
				CLANG_CXX_LANGUAGE_STANDARD = "gnu++14";
				CLANG_CXX_LIBRARY = "libc++";
				CLANG_ENABLE_MODULES = YES;
				CLANG_ENABLE_OBJC_ARC = YES;
				CLANG_ENABLE_OBJC_WEAK = YES;
				CLANG_WARN_BLOCK_CAPTURE_AUTORELEASING = YES;
				CLANG_WARN_BOOL_CONVERSION = YES;
				CLANG_WARN_COMMA = YES;
				CLANG_WARN_CONSTANT_CONVERSION = YES;
				CLANG_WARN_DEPRECATED_OBJC_IMPLEMENTATIONS = YES;
				CLANG_WARN_DIRECT_OBJC_ISA_USAGE = YES_ERROR;
				CLANG_WARN_DOCUMENTATION_COMMENTS = YES;
				CLANG_WARN_EMPTY_BODY = YES;
				CLANG_WARN_ENUM_CONVERSION = YES;
				CLANG_WARN_INFINITE_RECURSION = YES;
				CLANG_WARN_INT_CONVERSION = YES;
				CLANG_WARN_NON_LITERAL_NULL_CONVERSION = YES;
				CLANG_WARN_OBJC_IMPLICIT_RETAIN_SELF = YES;
				CLANG_WARN_OBJC_LITERAL_CONVERSION = YES;
				CLANG_WARN_OBJC_ROOT_CLASS = YES_ERROR;
				CLANG_WARN_QUOTED_INCLUDE_IN_FRAMEWORK_HEADER = YES;
				CLANG_WARN_RANGE_LOOP_ANALYSIS = YES;
				CLANG_WARN_STRICT_PROTOTYPES = YES;
				CLANG_WARN_SUSPICIOUS_MOVE = YES;
				CLANG_WARN_UNGUARDED_AVAILABILITY = YES_AGGRESSIVE;
				CLANG_WARN_UNREACHABLE_CODE = YES;
				CLANG_WARN__DUPLICATE_METHOD_MATCH = YES;
				COPY_PHASE_STRIP = NO;
				DEBUG_INFORMATION_FORMAT = "dwarf-with-dsym";
				ENABLE_NS_ASSERTIONS = NO;
				ENABLE_STRICT_OBJC_MSGSEND = YES;
				GCC_C_LANGUAGE_STANDARD = gnu11;
				GCC_NO_COMMON_BLOCKS = YES;
				GCC_WARN_64_TO_32_BIT_CONVERSION = YES;
				GCC_WARN_ABOUT_RETURN_TYPE = YES_ERROR;
				GCC_WARN_UNDECLARED_SELECTOR = YES;
				GCC_WARN_UNINITIALIZED_AUTOS = YES_AGGRESSIVE;
				GCC_WARN_UNUSED_FUNCTION = YES;
				GCC_WARN_UNUSED_VARIABLE = YES;
				IPHONEOS_DEPLOYMENT_TARGET = 14.5;
				MTL_ENABLE_DEBUG_INFO = NO;
				MTL_FAST_MATH = YES;
				SDKROOT = iphoneos;
				SWIFT_COMPILATION_MODE = wholemodule;
				SWIFT_OPTIMIZATION_LEVEL = "-O";
				VALIDATE_PRODUCT = YES;
			};
			name = Release;
		};
		7103D027268A1A92001E6875 /* Debug */ = {
			isa = XCBuildConfiguration;
			baseConfigurationReference = F16F999502B4D77420F1F841 /* Pods-ProtocolRay.debug.xcconfig */;
			buildSettings = {
				ASSETCATALOG_COMPILER_APPICON_NAME = AppIcon;
				ASSETCATALOG_COMPILER_GLOBAL_ACCENT_COLOR_NAME = AccentColor;
				CODE_SIGN_STYLE = Automatic;
				INFOPLIST_FILE = ProtocolRay/Info.plist;
				LD_RUNPATH_SEARCH_PATHS = (
					"$(inherited)",
					"@executable_path/Frameworks",
				);
				PRODUCT_BUNDLE_IDENTIFIER = Ray.ProtocolRay;
				PRODUCT_NAME = "$(TARGET_NAME)";
				SWIFT_VERSION = 5.0;
				TARGETED_DEVICE_FAMILY = "1,2";
			};
			name = Debug;
		};
		7103D028268A1A92001E6875 /* Release */ = {
			isa = XCBuildConfiguration;
			baseConfigurationReference = 819288C42CB45DAA5AC74AA9 /* Pods-ProtocolRay.release.xcconfig */;
			buildSettings = {
				ASSETCATALOG_COMPILER_APPICON_NAME = AppIcon;
				ASSETCATALOG_COMPILER_GLOBAL_ACCENT_COLOR_NAME = AccentColor;
				CODE_SIGN_STYLE = Automatic;
				INFOPLIST_FILE = ProtocolRay/Info.plist;
				LD_RUNPATH_SEARCH_PATHS = (
					"$(inherited)",
					"@executable_path/Frameworks",
				);
				PRODUCT_BUNDLE_IDENTIFIER = Ray.ProtocolRay;
				PRODUCT_NAME = "$(TARGET_NAME)";
				SWIFT_VERSION = 5.0;
				TARGETED_DEVICE_FAMILY = "1,2";
			};
			name = Release;
		};
/* End XCBuildConfiguration section */

/* Begin XCConfigurationList section */
		7103D00D268A1A91001E6875 /* Build configuration list for PBXProject "ProtocolRay" */ = {
			isa = XCConfigurationList;
			buildConfigurations = (
				7103D024268A1A92001E6875 /* Debug */,
				7103D025268A1A92001E6875 /* Release */,
			);
			defaultConfigurationIsVisible = 0;
			defaultConfigurationName = Release;
		};
		7103D026268A1A92001E6875 /* Build configuration list for PBXNativeTarget "ProtocolRay" */ = {
			isa = XCConfigurationList;
			buildConfigurations = (
				7103D027268A1A92001E6875 /* Debug */,
				7103D028268A1A92001E6875 /* Release */,
			);
			defaultConfigurationIsVisible = 0;
			defaultConfigurationName = Release;
		};
/* End XCConfigurationList section */
	};
	rootObject = 7103D00A268A1A91001E6875 /* Project object */;
}
