// !$*UTF8*$!
{
	archiveVersion = 1;
	classes = {
	};
	objectVersion = 50;
	objects = {

/* Begin PBXBuildFile section */
		71C8CDF0270A853B005DDE42 /* AppDelegate.swift in Sources */ = {isa = PBXBuildFile; fileRef = 71C8CDEF270A853B005DDE42 /* AppDelegate.swift */; };
		71C8CDF2270A853B005DDE42 /* SceneDelegate.swift in Sources */ = {isa = PBXBuildFile; fileRef = 71C8CDF1270A853B005DDE42 /* SceneDelegate.swift */; };
		71C8CDF4270A853B005DDE42 /* ContentView.swift in Sources */ = {isa = PBXBuildFile; fileRef = 71C8CDF3270A853B005DDE42 /* ContentView.swift */; };
		71C8CDF6270A853C005DDE42 /* Assets.xcassets in Resources */ = {isa = PBXBuildFile; fileRef = 71C8CDF5270A853C005DDE42 /* Assets.xcassets */; };
		71C8CDF9270A853C005DDE42 /* Preview Assets.xcassets in Resources */ = {isa = PBXBuildFile; fileRef = 71C8CDF8270A853C005DDE42 /* Preview Assets.xcassets */; };
		71C8CDFC270A853C005DDE42 /* LaunchScreen.storyboard in Resources */ = {isa = PBXBuildFile; fileRef = 71C8CDFA270A853C005DDE42 /* LaunchScreen.storyboard */; };
		71C8CE0C270A85FF005DDE42 /* WidgetKit.framework in Frameworks */ = {isa = PBXBuildFile; fileRef = 71C8CE0B270A85FF005DDE42 /* WidgetKit.framework */; };
		71C8CE0E270A85FF005DDE42 /* SwiftUI.framework in Frameworks */ = {isa = PBXBuildFile; fileRef = 71C8CE0D270A85FF005DDE42 /* SwiftUI.framework */; };
		71C8CE11270A85FF005DDE42 /* wid.swift in Sources */ = {isa = PBXBuildFile; fileRef = 71C8CE10270A85FF005DDE42 /* wid.swift */; };
		71C8CE14270A8600005DDE42 /* Assets.xcassets in Resources */ = {isa = PBXBuildFile; fileRef = 71C8CE13270A8600005DDE42 /* Assets.xcassets */; };
		71C8CE16270A8600005DDE42 /* wid.intentdefinition in Sources */ = {isa = PBXBuildFile; fileRef = 71C8CE12270A85FF005DDE42 /* wid.intentdefinition */; };
		71C8CE17270A8600005DDE42 /* wid.intentdefinition in Sources */ = {isa = PBXBuildFile; fileRef = 71C8CE12270A85FF005DDE42 /* wid.intentdefinition */; };
		71C8CE1A270A8600005DDE42 /* widExtension.appex in Embed App Extensions */ = {isa = PBXBuildFile; fileRef = 71C8CE09270A85FF005DDE42 /* widExtension.appex */; settings = {ATTRIBUTES = (RemoveHeadersOnCopy, ); }; };
		71C8CE21270A86AC005DDE42 /* ModelData.swift in Sources */ = {isa = PBXBuildFile; fileRef = 71C8CE20270A86AC005DDE42 /* ModelData.swift */; };
		71C8CE23270A8732005DDE42 /* TodoList.swift in Sources */ = {isa = PBXBuildFile; fileRef = 71C8CE22270A8732005DDE42 /* TodoList.swift */; };
		71C8CE25270A87DC005DDE42 /* TodoRow.swift in Sources */ = {isa = PBXBuildFile; fileRef = 71C8CE24270A87DC005DDE42 /* TodoRow.swift */; };
		71C8CE2A270A8926005DDE42 /* TodoListView.swift in Sources */ = {isa = PBXBuildFile; fileRef = 71C8CE29270A8926005DDE42 /* TodoListView.swift */; };
		71C8CE2B270A8AA6005DDE42 /* ModelData.swift in Sources */ = {isa = PBXBuildFile; fileRef = 71C8CE20270A86AC005DDE42 /* ModelData.swift */; };
		71C8CE2C270A8AA8005DDE42 /* TodoList.swift in Sources */ = {isa = PBXBuildFile; fileRef = 71C8CE22270A8732005DDE42 /* TodoList.swift */; };
/* End PBXBuildFile section */

/* Begin PBXContainerItemProxy section */
		71C8CE18270A8600005DDE42 /* PBXContainerItemProxy */ = {
			isa = PBXContainerItemProxy;
			containerPortal = 71C8CDE4270A853B005DDE42 /* Project object */;
			proxyType = 1;
			remoteGlobalIDString = 71C8CE08270A85FF005DDE42;
			remoteInfo = widExtension;
		};
/* End PBXContainerItemProxy section */

/* Begin PBXCopyFilesBuildPhase section */
		71C8CE1E270A8600005DDE42 /* Embed App Extensions */ = {
			isa = PBXCopyFilesBuildPhase;
			buildActionMask = 2147483647;
			dstPath = "";
			dstSubfolderSpec = 13;
			files = (
				71C8CE1A270A8600005DDE42 /* widExtension.appex in Embed App Extensions */,
			);
			name = "Embed App Extensions";
			runOnlyForDeploymentPostprocessing = 0;
		};
/* End PBXCopyFilesBuildPhase section */

/* Begin PBXFileReference section */
		71C8CDEC270A853B005DDE42 /* Widget_Test.app */ = {isa = PBXFileReference; explicitFileType = wrapper.application; includeInIndex = 0; path = Widget_Test.app; sourceTree = BUILT_PRODUCTS_DIR; };
		71C8CDEF270A853B005DDE42 /* AppDelegate.swift */ = {isa = PBXFileReference; lastKnownFileType = sourcecode.swift; path = AppDelegate.swift; sourceTree = "<group>"; };
		71C8CDF1270A853B005DDE42 /* SceneDelegate.swift */ = {isa = PBXFileReference; lastKnownFileType = sourcecode.swift; path = SceneDelegate.swift; sourceTree = "<group>"; };
		71C8CDF3270A853B005DDE42 /* ContentView.swift */ = {isa = PBXFileReference; lastKnownFileType = sourcecode.swift; path = ContentView.swift; sourceTree = "<group>"; };
		71C8CDF5270A853C005DDE42 /* Assets.xcassets */ = {isa = PBXFileReference; lastKnownFileType = folder.assetcatalog; path = Assets.xcassets; sourceTree = "<group>"; };
		71C8CDF8270A853C005DDE42 /* Preview Assets.xcassets */ = {isa = PBXFileReference; lastKnownFileType = folder.assetcatalog; path = "Preview Assets.xcassets"; sourceTree = "<group>"; };
		71C8CDFB270A853C005DDE42 /* Base */ = {isa = PBXFileReference; lastKnownFileType = file.storyboard; name = Base; path = Base.lproj/LaunchScreen.storyboard; sourceTree = "<group>"; };
		71C8CDFD270A853C005DDE42 /* Info.plist */ = {isa = PBXFileReference; lastKnownFileType = text.plist.xml; path = Info.plist; sourceTree = "<group>"; };
		71C8CE09270A85FF005DDE42 /* widExtension.appex */ = {isa = PBXFileReference; explicitFileType = "wrapper.app-extension"; includeInIndex = 0; path = widExtension.appex; sourceTree = BUILT_PRODUCTS_DIR; };
		71C8CE0B270A85FF005DDE42 /* WidgetKit.framework */ = {isa = PBXFileReference; lastKnownFileType = wrapper.framework; name = WidgetKit.framework; path = System/Library/Frameworks/WidgetKit.framework; sourceTree = SDKROOT; };
		71C8CE0D270A85FF005DDE42 /* SwiftUI.framework */ = {isa = PBXFileReference; lastKnownFileType = wrapper.framework; name = SwiftUI.framework; path = System/Library/Frameworks/SwiftUI.framework; sourceTree = SDKROOT; };
		71C8CE10270A85FF005DDE42 /* wid.swift */ = {isa = PBXFileReference; lastKnownFileType = sourcecode.swift; path = wid.swift; sourceTree = "<group>"; };
		71C8CE12270A85FF005DDE42 /* wid.intentdefinition */ = {isa = PBXFileReference; lastKnownFileType = file.intentdefinition; path = wid.intentdefinition; sourceTree = "<group>"; };
		71C8CE13270A8600005DDE42 /* Assets.xcassets */ = {isa = PBXFileReference; lastKnownFileType = folder.assetcatalog; path = Assets.xcassets; sourceTree = "<group>"; };
		71C8CE15270A8600005DDE42 /* Info.plist */ = {isa = PBXFileReference; lastKnownFileType = text.plist.xml; path = Info.plist; sourceTree = "<group>"; };
		71C8CE20270A86AC005DDE42 /* ModelData.swift */ = {isa = PBXFileReference; lastKnownFileType = sourcecode.swift; path = ModelData.swift; sourceTree = "<group>"; };
		71C8CE22270A8732005DDE42 /* TodoList.swift */ = {isa = PBXFileReference; lastKnownFileType = sourcecode.swift; path = TodoList.swift; sourceTree = "<group>"; };
		71C8CE24270A87DC005DDE42 /* TodoRow.swift */ = {isa = PBXFileReference; lastKnownFileType = sourcecode.swift; path = TodoRow.swift; sourceTree = "<group>"; };
		71C8CE29270A8926005DDE42 /* TodoListView.swift */ = {isa = PBXFileReference; lastKnownFileType = sourcecode.swift; path = TodoListView.swift; sourceTree = "<group>"; };
/* End PBXFileReference section */

/* Begin PBXFrameworksBuildPhase section */
		71C8CDE9270A853B005DDE42 /* Frameworks */ = {
			isa = PBXFrameworksBuildPhase;
			buildActionMask = 2147483647;
			files = (
			);
			runOnlyForDeploymentPostprocessing = 0;
		};
		71C8CE06270A85FF005DDE42 /* Frameworks */ = {
			isa = PBXFrameworksBuildPhase;
			buildActionMask = 2147483647;
			files = (
				71C8CE0E270A85FF005DDE42 /* SwiftUI.framework in Frameworks */,
				71C8CE0C270A85FF005DDE42 /* WidgetKit.framework in Frameworks */,
			);
			runOnlyForDeploymentPostprocessing = 0;
		};
/* End PBXFrameworksBuildPhase section */

/* Begin PBXGroup section */
		71C8CDE3270A853B005DDE42 = {
			isa = PBXGroup;
			children = (
				71C8CDEE270A853B005DDE42 /* Widget_Test */,
				71C8CE0F270A85FF005DDE42 /* wid */,
				71C8CE0A270A85FF005DDE42 /* Frameworks */,
				71C8CDED270A853B005DDE42 /* Products */,
			);
			sourceTree = "<group>";
		};
		71C8CDED270A853B005DDE42 /* Products */ = {
			isa = PBXGroup;
			children = (
				71C8CDEC270A853B005DDE42 /* Widget_Test.app */,
				71C8CE09270A85FF005DDE42 /* widExtension.appex */,
			);
			name = Products;
			sourceTree = "<group>";
		};
		71C8CDEE270A853B005DDE42 /* Widget_Test */ = {
			isa = PBXGroup;
			children = (
				71C8CE1F270A86A0005DDE42 /* Model */,
				71C8CE04270A857A005DDE42 /* View */,
				71C8CE03270A856F005DDE42 /* Supports */,
				71C8CDF5270A853C005DDE42 /* Assets.xcassets */,
				71C8CDFD270A853C005DDE42 /* Info.plist */,
				71C8CDF7270A853C005DDE42 /* Preview Content */,
			);
			path = Widget_Test;
			sourceTree = "<group>";
		};
		71C8CDF7270A853C005DDE42 /* Preview Content */ = {
			isa = PBXGroup;
			children = (
				71C8CDF8270A853C005DDE42 /* Preview Assets.xcassets */,
			);
			path = "Preview Content";
			sourceTree = "<group>";
		};
		71C8CE03270A856F005DDE42 /* Supports */ = {
			isa = PBXGroup;
			children = (
				71C8CDEF270A853B005DDE42 /* AppDelegate.swift */,
				71C8CDF1270A853B005DDE42 /* SceneDelegate.swift */,
				71C8CDFA270A853C005DDE42 /* LaunchScreen.storyboard */,
			);
			path = Supports;
			sourceTree = "<group>";
		};
		71C8CE04270A857A005DDE42 /* View */ = {
			isa = PBXGroup;
			children = (
				71C8CDF3270A853B005DDE42 /* ContentView.swift */,
				71C8CE24270A87DC005DDE42 /* TodoRow.swift */,
				71C8CE29270A8926005DDE42 /* TodoListView.swift */,
			);
			path = View;
			sourceTree = "<group>";
		};
		71C8CE0A270A85FF005DDE42 /* Frameworks */ = {
			isa = PBXGroup;
			children = (
				71C8CE0B270A85FF005DDE42 /* WidgetKit.framework */,
				71C8CE0D270A85FF005DDE42 /* SwiftUI.framework */,
			);
			name = Frameworks;
			sourceTree = "<group>";
		};
		71C8CE0F270A85FF005DDE42 /* wid */ = {
			isa = PBXGroup;
			children = (
				71C8CE10270A85FF005DDE42 /* wid.swift */,
				71C8CE12270A85FF005DDE42 /* wid.intentdefinition */,
				71C8CE13270A8600005DDE42 /* Assets.xcassets */,
				71C8CE15270A8600005DDE42 /* Info.plist */,
			);
			path = wid;
			sourceTree = "<group>";
		};
		71C8CE1F270A86A0005DDE42 /* Model */ = {
			isa = PBXGroup;
			children = (
				71C8CE20270A86AC005DDE42 /* ModelData.swift */,
				71C8CE22270A8732005DDE42 /* TodoList.swift */,
			);
			path = Model;
			sourceTree = "<group>";
		};
/* End PBXGroup section */

/* Begin PBXNativeTarget section */
		71C8CDEB270A853B005DDE42 /* Widget_Test */ = {
			isa = PBXNativeTarget;
			buildConfigurationList = 71C8CE00270A853C005DDE42 /* Build configuration list for PBXNativeTarget "Widget_Test" */;
			buildPhases = (
				71C8CDE8270A853B005DDE42 /* Sources */,
				71C8CDE9270A853B005DDE42 /* Frameworks */,
				71C8CDEA270A853B005DDE42 /* Resources */,
				71C8CE1E270A8600005DDE42 /* Embed App Extensions */,
			);
			buildRules = (
			);
			dependencies = (
				71C8CE19270A8600005DDE42 /* PBXTargetDependency */,
			);
			name = Widget_Test;
			productName = Widget_Test;
			productReference = 71C8CDEC270A853B005DDE42 /* Widget_Test.app */;
			productType = "com.apple.product-type.application";
		};
		71C8CE08270A85FF005DDE42 /* widExtension */ = {
			isa = PBXNativeTarget;
			buildConfigurationList = 71C8CE1B270A8600005DDE42 /* Build configuration list for PBXNativeTarget "widExtension" */;
			buildPhases = (
				71C8CE05270A85FF005DDE42 /* Sources */,
				71C8CE06270A85FF005DDE42 /* Frameworks */,
				71C8CE07270A85FF005DDE42 /* Resources */,
			);
			buildRules = (
			);
			dependencies = (
			);
			name = widExtension;
			productName = widExtension;
			productReference = 71C8CE09270A85FF005DDE42 /* widExtension.appex */;
			productType = "com.apple.product-type.app-extension";
		};
/* End PBXNativeTarget section */

/* Begin PBXProject section */
		71C8CDE4270A853B005DDE42 /* Project object */ = {
			isa = PBXProject;
			attributes = {
				LastSwiftUpdateCheck = 1250;
				LastUpgradeCheck = 1250;
				TargetAttributes = {
					71C8CDEB270A853B005DDE42 = {
						CreatedOnToolsVersion = 12.5.1;
					};
					71C8CE08270A85FF005DDE42 = {
						CreatedOnToolsVersion = 12.5.1;
					};
				};
			};
			buildConfigurationList = 71C8CDE7270A853B005DDE42 /* Build configuration list for PBXProject "Widget_Test" */;
			compatibilityVersion = "Xcode 9.3";
			developmentRegion = en;
			hasScannedForEncodings = 0;
			knownRegions = (
				en,
				Base,
			);
			mainGroup = 71C8CDE3270A853B005DDE42;
			productRefGroup = 71C8CDED270A853B005DDE42 /* Products */;
			projectDirPath = "";
			projectRoot = "";
			targets = (
				71C8CDEB270A853B005DDE42 /* Widget_Test */,
				71C8CE08270A85FF005DDE42 /* widExtension */,
			);
		};
/* End PBXProject section */

/* Begin PBXResourcesBuildPhase section */
		71C8CDEA270A853B005DDE42 /* Resources */ = {
			isa = PBXResourcesBuildPhase;
			buildActionMask = 2147483647;
			files = (
				71C8CDFC270A853C005DDE42 /* LaunchScreen.storyboard in Resources */,
				71C8CDF9270A853C005DDE42 /* Preview Assets.xcassets in Resources */,
				71C8CDF6270A853C005DDE42 /* Assets.xcassets in Resources */,
			);
			runOnlyForDeploymentPostprocessing = 0;
		};
		71C8CE07270A85FF005DDE42 /* Resources */ = {
			isa = PBXResourcesBuildPhase;
			buildActionMask = 2147483647;
			files = (
				71C8CE14270A8600005DDE42 /* Assets.xcassets in Resources */,
			);
			runOnlyForDeploymentPostprocessing = 0;
		};
/* End PBXResourcesBuildPhase section */

/* Begin PBXSourcesBuildPhase section */
		71C8CDE8270A853B005DDE42 /* Sources */ = {
			isa = PBXSourcesBuildPhase;
			buildActionMask = 2147483647;
			files = (
				71C8CDF0270A853B005DDE42 /* AppDelegate.swift in Sources */,
				71C8CE25270A87DC005DDE42 /* TodoRow.swift in Sources */,
				71C8CE2A270A8926005DDE42 /* TodoListView.swift in Sources */,
				71C8CE17270A8600005DDE42 /* wid.intentdefinition in Sources */,
				71C8CE21270A86AC005DDE42 /* ModelData.swift in Sources */,
				71C8CE23270A8732005DDE42 /* TodoList.swift in Sources */,
				71C8CDF2270A853B005DDE42 /* SceneDelegate.swift in Sources */,
				71C8CDF4270A853B005DDE42 /* ContentView.swift in Sources */,
			);
			runOnlyForDeploymentPostprocessing = 0;
		};
		71C8CE05270A85FF005DDE42 /* Sources */ = {
			isa = PBXSourcesBuildPhase;
			buildActionMask = 2147483647;
			files = (
				71C8CE11270A85FF005DDE42 /* wid.swift in Sources */,
				71C8CE16270A8600005DDE42 /* wid.intentdefinition in Sources */,
				71C8CE2B270A8AA6005DDE42 /* ModelData.swift in Sources */,
				71C8CE2C270A8AA8005DDE42 /* TodoList.swift in Sources */,
			);
			runOnlyForDeploymentPostprocessing = 0;
		};
/* End PBXSourcesBuildPhase section */

/* Begin PBXTargetDependency section */
		71C8CE19270A8600005DDE42 /* PBXTargetDependency */ = {
			isa = PBXTargetDependency;
			target = 71C8CE08270A85FF005DDE42 /* widExtension */;
			targetProxy = 71C8CE18270A8600005DDE42 /* PBXContainerItemProxy */;
		};
/* End PBXTargetDependency section */

/* Begin PBXVariantGroup section */
		71C8CDFA270A853C005DDE42 /* LaunchScreen.storyboard */ = {
			isa = PBXVariantGroup;
			children = (
				71C8CDFB270A853C005DDE42 /* Base */,
			);
			name = LaunchScreen.storyboard;
			sourceTree = "<group>";
		};
/* End PBXVariantGroup section */

/* Begin XCBuildConfiguration section */
		71C8CDFE270A853C005DDE42 /* Debug */ = {
			isa = XCBuildConfiguration;
			buildSettings = {
				ALWAYS_SEARCH_USER_PATHS = NO;
				CLANG_ANALYZER_NONNULL = YES;
				CLANG_ANALYZER_NUMBER_OBJECT_CONVERSION = YES_AGGRESSIVE;
				CLANG_CXX_LANGUAGE_STANDARD = "gnu++14";
				CLANG_CXX_LIBRARY = "libc++";
				CLANG_ENABLE_MODULES = YES;
				CLANG_ENABLE_OBJC_ARC = YES;
				CLANG_ENABLE_OBJC_WEAK = YES;
				CLANG_WARN_BLOCK_CAPTURE_AUTORELEASING = YES;
				CLANG_WARN_BOOL_CONVERSION = YES;
				CLANG_WARN_COMMA = YES;
				CLANG_WARN_CONSTANT_CONVERSION = YES;
				CLANG_WARN_DEPRECATED_OBJC_IMPLEMENTATIONS = YES;
				CLANG_WARN_DIRECT_OBJC_ISA_USAGE = YES_ERROR;
				CLANG_WARN_DOCUMENTATION_COMMENTS = YES;
				CLANG_WARN_EMPTY_BODY = YES;
				CLANG_WARN_ENUM_CONVERSION = YES;
				CLANG_WARN_INFINITE_RECURSION = YES;
				CLANG_WARN_INT_CONVERSION = YES;
				CLANG_WARN_NON_LITERAL_NULL_CONVERSION = YES;
				CLANG_WARN_OBJC_IMPLICIT_RETAIN_SELF = YES;
				CLANG_WARN_OBJC_LITERAL_CONVERSION = YES;
				CLANG_WARN_OBJC_ROOT_CLASS = YES_ERROR;
				CLANG_WARN_QUOTED_INCLUDE_IN_FRAMEWORK_HEADER = YES;
				CLANG_WARN_RANGE_LOOP_ANALYSIS = YES;
				CLANG_WARN_STRICT_PROTOTYPES = YES;
				CLANG_WARN_SUSPICIOUS_MOVE = YES;
				CLANG_WARN_UNGUARDED_AVAILABILITY = YES_AGGRESSIVE;
				CLANG_WARN_UNREACHABLE_CODE = YES;
				CLANG_WARN__DUPLICATE_METHOD_MATCH = YES;
				COPY_PHASE_STRIP = NO;
				DEBUG_INFORMATION_FORMAT = dwarf;
				ENABLE_STRICT_OBJC_MSGSEND = YES;
				ENABLE_TESTABILITY = YES;
				GCC_C_LANGUAGE_STANDARD = gnu11;
				GCC_DYNAMIC_NO_PIC = NO;
				GCC_NO_COMMON_BLOCKS = YES;
				GCC_OPTIMIZATION_LEVEL = 0;
				GCC_PREPROCESSOR_DEFINITIONS = (
					"DEBUG=1",
					"$(inherited)",
				);
				GCC_WARN_64_TO_32_BIT_CONVERSION = YES;
				GCC_WARN_ABOUT_RETURN_TYPE = YES_ERROR;
				GCC_WARN_UNDECLARED_SELECTOR = YES;
				GCC_WARN_UNINITIALIZED_AUTOS = YES_AGGRESSIVE;
				GCC_WARN_UNUSED_FUNCTION = YES;
				GCC_WARN_UNUSED_VARIABLE = YES;
				IPHONEOS_DEPLOYMENT_TARGET = 14.5;
				MTL_ENABLE_DEBUG_INFO = INCLUDE_SOURCE;
				MTL_FAST_MATH = YES;
				ONLY_ACTIVE_ARCH = YES;
				SDKROOT = iphoneos;
				SWIFT_ACTIVE_COMPILATION_CONDITIONS = DEBUG;
				SWIFT_OPTIMIZATION_LEVEL = "-Onone";
			};
			name = Debug;
		};
		71C8CDFF270A853C005DDE42 /* Release */ = {
			isa = XCBuildConfiguration;
			buildSettings = {
				ALWAYS_SEARCH_USER_PATHS = NO;
				CLANG_ANALYZER_NONNULL = YES;
				CLANG_ANALYZER_NUMBER_OBJECT_CONVERSION = YES_AGGRESSIVE;
				CLANG_CXX_LANGUAGE_STANDARD = "gnu++14";
				CLANG_CXX_LIBRARY = "libc++";
				CLANG_ENABLE_MODULES = YES;
				CLANG_ENABLE_OBJC_ARC = YES;
				CLANG_ENABLE_OBJC_WEAK = YES;
				CLANG_WARN_BLOCK_CAPTURE_AUTORELEASING = YES;
				CLANG_WARN_BOOL_CONVERSION = YES;
				CLANG_WARN_COMMA = YES;
				CLANG_WARN_CONSTANT_CONVERSION = YES;
				CLANG_WARN_DEPRECATED_OBJC_IMPLEMENTATIONS = YES;
				CLANG_WARN_DIRECT_OBJC_ISA_USAGE = YES_ERROR;
				CLANG_WARN_DOCUMENTATION_COMMENTS = YES;
				CLANG_WARN_EMPTY_BODY = YES;
				CLANG_WARN_ENUM_CONVERSION = YES;
				CLANG_WARN_INFINITE_RECURSION = YES;
				CLANG_WARN_INT_CONVERSION = YES;
				CLANG_WARN_NON_LITERAL_NULL_CONVERSION = YES;
				CLANG_WARN_OBJC_IMPLICIT_RETAIN_SELF = YES;
				CLANG_WARN_OBJC_LITERAL_CONVERSION = YES;
				CLANG_WARN_OBJC_ROOT_CLASS = YES_ERROR;
				CLANG_WARN_QUOTED_INCLUDE_IN_FRAMEWORK_HEADER = YES;
				CLANG_WARN_RANGE_LOOP_ANALYSIS = YES;
				CLANG_WARN_STRICT_PROTOTYPES = YES;
				CLANG_WARN_SUSPICIOUS_MOVE = YES;
				CLANG_WARN_UNGUARDED_AVAILABILITY = YES_AGGRESSIVE;
				CLANG_WARN_UNREACHABLE_CODE = YES;
				CLANG_WARN__DUPLICATE_METHOD_MATCH = YES;
				COPY_PHASE_STRIP = NO;
				DEBUG_INFORMATION_FORMAT = "dwarf-with-dsym";
				ENABLE_NS_ASSERTIONS = NO;
				ENABLE_STRICT_OBJC_MSGSEND = YES;
				GCC_C_LANGUAGE_STANDARD = gnu11;
				GCC_NO_COMMON_BLOCKS = YES;
				GCC_WARN_64_TO_32_BIT_CONVERSION = YES;
				GCC_WARN_ABOUT_RETURN_TYPE = YES_ERROR;
				GCC_WARN_UNDECLARED_SELECTOR = YES;
				GCC_WARN_UNINITIALIZED_AUTOS = YES_AGGRESSIVE;
				GCC_WARN_UNUSED_FUNCTION = YES;
				GCC_WARN_UNUSED_VARIABLE = YES;
				IPHONEOS_DEPLOYMENT_TARGET = 14.5;
				MTL_ENABLE_DEBUG_INFO = NO;
				MTL_FAST_MATH = YES;
				SDKROOT = iphoneos;
				SWIFT_COMPILATION_MODE = wholemodule;
				SWIFT_OPTIMIZATION_LEVEL = "-O";
				VALIDATE_PRODUCT = YES;
			};
			name = Release;
		};
		71C8CE01270A853C005DDE42 /* Debug */ = {
			isa = XCBuildConfiguration;
			buildSettings = {
				ALWAYS_EMBED_SWIFT_STANDARD_LIBRARIES = YES;
				ASSETCATALOG_COMPILER_APPICON_NAME = AppIcon;
				ASSETCATALOG_COMPILER_GLOBAL_ACCENT_COLOR_NAME = AccentColor;
				CODE_SIGN_STYLE = Automatic;
				DEVELOPMENT_ASSET_PATHS = "\"Widget_Test/Preview Content\"";
				ENABLE_PREVIEWS = YES;
				INFOPLIST_FILE = Widget_Test/Info.plist;
				LD_RUNPATH_SEARCH_PATHS = (
					"$(inherited)",
					"@executable_path/Frameworks",
				);
				PRODUCT_BUNDLE_IDENTIFIER = "Ray.Widget-Test";
				PRODUCT_NAME = "$(TARGET_NAME)";
				SWIFT_VERSION = 5.0;
				TARGETED_DEVICE_FAMILY = "1,2";
			};
			name = Debug;
		};
		71C8CE02270A853C005DDE42 /* Release */ = {
			isa = XCBuildConfiguration;
			buildSettings = {
				ALWAYS_EMBED_SWIFT_STANDARD_LIBRARIES = YES;
				ASSETCATALOG_COMPILER_APPICON_NAME = AppIcon;
				ASSETCATALOG_COMPILER_GLOBAL_ACCENT_COLOR_NAME = AccentColor;
				CODE_SIGN_STYLE = Automatic;
				DEVELOPMENT_ASSET_PATHS = "\"Widget_Test/Preview Content\"";
				ENABLE_PREVIEWS = YES;
				INFOPLIST_FILE = Widget_Test/Info.plist;
				LD_RUNPATH_SEARCH_PATHS = (
					"$(inherited)",
					"@executable_path/Frameworks",
				);
				PRODUCT_BUNDLE_IDENTIFIER = "Ray.Widget-Test";
				PRODUCT_NAME = "$(TARGET_NAME)";
				SWIFT_VERSION = 5.0;
				TARGETED_DEVICE_FAMILY = "1,2";
			};
			name = Release;
		};
		71C8CE1C270A8600005DDE42 /* Debug */ = {
			isa = XCBuildConfiguration;
			buildSettings = {
				ASSETCATALOG_COMPILER_GLOBAL_ACCENT_COLOR_NAME = AccentColor;
				ASSETCATALOG_COMPILER_WIDGET_BACKGROUND_COLOR_NAME = WidgetBackground;
				CODE_SIGN_STYLE = Automatic;
				INFOPLIST_FILE = wid/Info.plist;
				LD_RUNPATH_SEARCH_PATHS = (
					"$(inherited)",
					"@executable_path/Frameworks",
					"@executable_path/../../Frameworks",
				);
				PRODUCT_BUNDLE_IDENTIFIER = "Ray.Widget-Test.wid";
				PRODUCT_NAME = "$(TARGET_NAME)";
				SKIP_INSTALL = YES;
				SWIFT_VERSION = 5.0;
				TARGETED_DEVICE_FAMILY = "1,2";
			};
			name = Debug;
		};
		71C8CE1D270A8600005DDE42 /* Release */ = {
			isa = XCBuildConfiguration;
			buildSettings = {
				ASSETCATALOG_COMPILER_GLOBAL_ACCENT_COLOR_NAME = AccentColor;
				ASSETCATALOG_COMPILER_WIDGET_BACKGROUND_COLOR_NAME = WidgetBackground;
				CODE_SIGN_STYLE = Automatic;
				INFOPLIST_FILE = wid/Info.plist;
				LD_RUNPATH_SEARCH_PATHS = (
					"$(inherited)",
					"@executable_path/Frameworks",
					"@executable_path/../../Frameworks",
				);
				PRODUCT_BUNDLE_IDENTIFIER = "Ray.Widget-Test.wid";
				PRODUCT_NAME = "$(TARGET_NAME)";
				SKIP_INSTALL = YES;
				SWIFT_VERSION = 5.0;
				TARGETED_DEVICE_FAMILY = "1,2";
			};
			name = Release;
		};
/* End XCBuildConfiguration section */

/* Begin XCConfigurationList section */
		71C8CDE7270A853B005DDE42 /* Build configuration list for PBXProject "Widget_Test" */ = {
			isa = XCConfigurationList;
			buildConfigurations = (
				71C8CDFE270A853C005DDE42 /* Debug */,
				71C8CDFF270A853C005DDE42 /* Release */,
			);
			defaultConfigurationIsVisible = 0;
			defaultConfigurationName = Release;
		};
		71C8CE00270A853C005DDE42 /* Build configuration list for PBXNativeTarget "Widget_Test" */ = {
			isa = XCConfigurationList;
			buildConfigurations = (
				71C8CE01270A853C005DDE42 /* Debug */,
				71C8CE02270A853C005DDE42 /* Release */,
			);
			defaultConfigurationIsVisible = 0;
			defaultConfigurationName = Release;
		};
		71C8CE1B270A8600005DDE42 /* Build configuration list for PBXNativeTarget "widExtension" */ = {
			isa = XCConfigurationList;
			buildConfigurations = (
				71C8CE1C270A8600005DDE42 /* Debug */,
				71C8CE1D270A8600005DDE42 /* Release */,
			);
			defaultConfigurationIsVisible = 0;
			defaultConfigurationName = Release;
		};
/* End XCConfigurationList section */
	};
	rootObject = 71C8CDE4270A853B005DDE42 /* Project object */;
}
